// !$*UTF8*$!
{
	archiveVersion = 1;
	classes = {
	};
	objectVersion = 46;
	objects = {

/* Begin PBXBuildFile section */
		630F9B8F19F1011400DBF8C1 /* OpenGL.framework in Frameworks */ = {isa = PBXBuildFile; fileRef = 630F9B8E19F1011400DBF8C1 /* OpenGL.framework */; };
		6320000D19EF422C00C701D4 /* notifier.cpp in Sources */ = {isa = PBXBuildFile; fileRef = 6320000B19EF422C00C701D4 /* notifier.cpp */; };
		6320F71419EA6BD100C701D4 /* libBox2D.a in Frameworks */ = {isa = PBXBuildFile; fileRef = 6320F70D19EA6B9D00C701D4 /* libBox2D.a */; };
		6320F71619EA6BD700C701D4 /* liblua.a in Frameworks */ = {isa = PBXBuildFile; fileRef = 6320F70419EA6B8D00C701D4 /* liblua.a */; };
		6320F71719EA6BD900C701D4 /* libluacppinterface.a in Frameworks */ = {isa = PBXBuildFile; fileRef = 6320F6FB19EA6B8500C701D4 /* libluacppinterface.a */; };
		6320F71819EA6BDC00C701D4 /* libSDL2_image.a in Frameworks */ = {isa = PBXBuildFile; fileRef = 6320F6D619EA6B1B00C701D4 /* libSDL2_image.a */; };
		6320F71919EA6BDE00C701D4 /* libSDL2_mixer.a in Frameworks */ = {isa = PBXBuildFile; fileRef = 6320F6E219EA6B2700C701D4 /* libSDL2_mixer.a */; };
		6320F71A19EA6BE100C701D4 /* libSDL2_ttf.a in Frameworks */ = {isa = PBXBuildFile; fileRef = 6320F6EB19EA6B3100C701D4 /* libSDL2_ttf.a */; };
		6320F71B19EA6BE400C701D4 /* libSDL2.a in Frameworks */ = {isa = PBXBuildFile; fileRef = 6320F6CB19EA6B0B00C701D4 /* libSDL2.a */; };
		6320F71D19EA6BE900C701D4 /* AudioToolbox.framework in Frameworks */ = {isa = PBXBuildFile; fileRef = 6320F71C19EA6BE900C701D4 /* AudioToolbox.framework */; };
		6320F77E19EA6ED800C701D4 /* inputmachine.cpp in Sources */ = {isa = PBXBuildFile; fileRef = 6320F74419EA6ED800C701D4 /* inputmachine.cpp */; };
		6320F77F19EA6ED800C701D4 /* inputstate.cpp in Sources */ = {isa = PBXBuildFile; fileRef = 6320F74619EA6ED800C701D4 /* inputstate.cpp */; };
		6320F78019EA6ED800C701D4 /* main.cpp in Sources */ = {isa = PBXBuildFile; fileRef = 6320F74919EA6ED800C701D4 /* main.cpp */; };
		6320F78319EA6ED800C701D4 /* printlog.cpp in Sources */ = {isa = PBXBuildFile; fileRef = 6320F74F19EA6ED800C701D4 /* printlog.cpp */; };
		6320F78E19EA6ED800C701D4 /* utils.cpp in Sources */ = {isa = PBXBuildFile; fileRef = 6320F77419EA6ED800C701D4 /* utils.cpp */; };
		6320F79019EA6F1700C701D4 /* libfreetype.a in Frameworks */ = {isa = PBXBuildFile; fileRef = 6320F6F319EA6B5F00C701D4 /* libfreetype.a */; };
		6320FBB319EA70D700C701D4 /* Cocoa.framework in Frameworks */ = {isa = PBXBuildFile; fileRef = 6320FBB219EA70D700C701D4 /* Cocoa.framework */; };
		6320FBB519EA70E000C701D4 /* AppKit.framework in Frameworks */ = {isa = PBXBuildFile; fileRef = 6320FBB419EA70E000C701D4 /* AppKit.framework */; };
		6320FBB719EA70EC00C701D4 /* Foundation.framework in Frameworks */ = {isa = PBXBuildFile; fileRef = 6320FBB619EA70EC00C701D4 /* Foundation.framework */; };
		6320FBB919EA712200C701D4 /* AudioUnit.framework in Frameworks */ = {isa = PBXBuildFile; fileRef = 6320FBB819EA712200C701D4 /* AudioUnit.framework */; };
		6320FBBD19EA715000C701D4 /* IOKit.framework in Frameworks */ = {isa = PBXBuildFile; fileRef = 6320FBBC19EA715000C701D4 /* IOKit.framework */; };
		6320FBC719EA71EC00C701D4 /* CoreAudio.framework in Frameworks */ = {isa = PBXBuildFile; fileRef = 6320FBC619EA71EB00C701D4 /* CoreAudio.framework */; };
		6320FBC919EA721900C701D4 /* ForceFeedback.framework in Frameworks */ = {isa = PBXBuildFile; fileRef = 6320FBC819EA721800C701D4 /* ForceFeedback.framework */; };
		6320FBCB19EA72A100C701D4 /* Carbon.framework in Frameworks */ = {isa = PBXBuildFile; fileRef = 6320FBCA19EA72A100C701D4 /* Carbon.framework */; };
		6322C73D1A6B8C700002F962 /* primitives.cpp in Sources */ = {isa = PBXBuildFile; fileRef = 6322C73C1A6B8C700002F962 /* primitives.cpp */; };
/* End PBXBuildFile section */

/* Begin PBXContainerItemProxy section */
		6320F6C819EA6B0B00C701D4 /* PBXContainerItemProxy */ = {
			isa = PBXContainerItemProxy;
			containerPortal = 6320F6C119EA6B0B00C701D4 /* SDL.xcodeproj */;
			proxyType = 2;
			remoteGlobalIDString = BECDF66C0761BA81005FE872;
			remoteInfo = Framework;
		};
		6320F6CA19EA6B0B00C701D4 /* PBXContainerItemProxy */ = {
			isa = PBXContainerItemProxy;
			containerPortal = 6320F6C119EA6B0B00C701D4 /* SDL.xcodeproj */;
			proxyType = 2;
			remoteGlobalIDString = BECDF6B30761BA81005FE872;
			remoteInfo = "Static Library";
		};
		6320F6CC19EA6B0B00C701D4 /* PBXContainerItemProxy */ = {
			isa = PBXContainerItemProxy;
			containerPortal = 6320F6C119EA6B0B00C701D4 /* SDL.xcodeproj */;
			proxyType = 2;
			remoteGlobalIDString = DB31407717554B71006C0E22;
			remoteInfo = "Shared Library";
		};
		6320F6CE19EA6B0B00C701D4 /* PBXContainerItemProxy */ = {
			isa = PBXContainerItemProxy;
			containerPortal = 6320F6C119EA6B0B00C701D4 /* SDL.xcodeproj */;
			proxyType = 2;
			remoteGlobalIDString = BECDF6BE0761BA81005FE872;
			remoteInfo = "Standard DMG";
		};
		6320F6D519EA6B1B00C701D4 /* PBXContainerItemProxy */ = {
			isa = PBXContainerItemProxy;
			containerPortal = 6320F6D019EA6B1B00C701D4 /* SDL_image.xcodeproj */;
			proxyType = 2;
			remoteGlobalIDString = BE1FA74107AF4C45004B6283;
			remoteInfo = "Static Library";
		};
		6320F6D719EA6B1B00C701D4 /* PBXContainerItemProxy */ = {
			isa = PBXContainerItemProxy;
			containerPortal = 6320F6D019EA6B1B00C701D4 /* SDL_image.xcodeproj */;
			proxyType = 2;
			remoteGlobalIDString = BE1FA74507AF4C45004B6283;
			remoteInfo = "Create DMG";
		};
		6320F6E119EA6B2700C701D4 /* PBXContainerItemProxy */ = {
			isa = PBXContainerItemProxy;
			containerPortal = 6320F6D919EA6B2700C701D4 /* SDL_mixer.xcodeproj */;
			proxyType = 2;
			remoteGlobalIDString = BE1FA95407AF96B2004B6283;
			remoteInfo = "Static Library";
		};
		6320F6E319EA6B2700C701D4 /* PBXContainerItemProxy */ = {
			isa = PBXContainerItemProxy;
			containerPortal = 6320F6D919EA6B2700C701D4 /* SDL_mixer.xcodeproj */;
			proxyType = 2;
			remoteGlobalIDString = BE1FA95807AF96B3004B6283;
			remoteInfo = "Create DMG";
		};
		6320F6EA19EA6B3100C701D4 /* PBXContainerItemProxy */ = {
			isa = PBXContainerItemProxy;
			containerPortal = 6320F6E519EA6B3100C701D4 /* SDL_ttf.xcodeproj */;
			proxyType = 2;
			remoteGlobalIDString = BE48FD6E07AFA17000BB41DA;
			remoteInfo = "Static Library";
		};
		6320F6EC19EA6B3100C701D4 /* PBXContainerItemProxy */ = {
			isa = PBXContainerItemProxy;
			containerPortal = 6320F6E519EA6B3100C701D4 /* SDL_ttf.xcodeproj */;
			proxyType = 2;
			remoteGlobalIDString = BE48FD7207AFA17000BB41DA;
			remoteInfo = "Create DMG";
		};
		6320F6F219EA6B5F00C701D4 /* PBXContainerItemProxy */ = {
			isa = PBXContainerItemProxy;
			containerPortal = 6320F6EE19EA6B5E00C701D4 /* freetype.xcodeproj */;
			proxyType = 2;
			remoteGlobalIDString = 5397824B185123D500A9CACA;
			remoteInfo = freetype;
		};
		6320F6FA19EA6B8500C701D4 /* PBXContainerItemProxy */ = {
			isa = PBXContainerItemProxy;
			containerPortal = 6320F6F419EA6B8400C701D4 /* luacppinterface.xcodeproj */;
			proxyType = 2;
			remoteGlobalIDString = 53978A67185131DB00A9CACA;
			remoteInfo = luacppinterface;
		};
		6320F6FC19EA6B8500C701D4 /* PBXContainerItemProxy */ = {
			isa = PBXContainerItemProxy;
			containerPortal = 6320F6F419EA6B8400C701D4 /* luacppinterface.xcodeproj */;
			proxyType = 2;
			remoteGlobalIDString = 634A132519977D23002CF5AE;
			remoteInfo = luacppinterfacetest;
		};
		6320F70319EA6B8D00C701D4 /* PBXContainerItemProxy */ = {
			isa = PBXContainerItemProxy;
			containerPortal = 6320F6FF19EA6B8D00C701D4 /* lua.xcodeproj */;
			proxyType = 2;
			remoteGlobalIDString = 53978AAB185132A700A9CACA;
			remoteInfo = lua;
		};
		6320F70C19EA6B9D00C701D4 /* PBXContainerItemProxy */ = {
			isa = PBXContainerItemProxy;
			containerPortal = 6320F70519EA6B9D00C701D4 /* Box2D.xcodeproj */;
			proxyType = 2;
			remoteGlobalIDString = 80FF01D2141C3D980059E59D;
			remoteInfo = Box2D;
		};
		6320F70E19EA6B9D00C701D4 /* PBXContainerItemProxy */ = {
			isa = PBXContainerItemProxy;
			containerPortal = 6320F70519EA6B9D00C701D4 /* Box2D.xcodeproj */;
			proxyType = 2;
			remoteGlobalIDString = 80BB8901141C3E1800F1753A;
			remoteInfo = GLUI;
		};
		6320F71019EA6B9D00C701D4 /* PBXContainerItemProxy */ = {
			isa = PBXContainerItemProxy;
			containerPortal = 6320F70519EA6B9D00C701D4 /* Box2D.xcodeproj */;
			proxyType = 2;
			remoteGlobalIDString = 80BB890A141C3E2700F1753A;
			remoteInfo = HelloWorld;
		};
		6320F71219EA6B9D00C701D4 /* PBXContainerItemProxy */ = {
			isa = PBXContainerItemProxy;
			containerPortal = 6320F70519EA6B9D00C701D4 /* Box2D.xcodeproj */;
			proxyType = 2;
			remoteGlobalIDString = 80BB8918141C3E3600F1753A;
			remoteInfo = Testbed;
		};
/* End PBXContainerItemProxy section */

/* Begin PBXCopyFilesBuildPhase section */
		6320F6B519EA6AD500C701D4 /* CopyFiles */ = {
			isa = PBXCopyFilesBuildPhase;
			buildActionMask = 2147483647;
			dstPath = /usr/share/man/man1/;
			dstSubfolderSpec = 0;
			files = (
			);
			runOnlyForDeploymentPostprocessing = 1;
		};
/* End PBXCopyFilesBuildPhase section */

/* Begin PBXFileReference section */
		630F9B8E19F1011400DBF8C1 /* OpenGL.framework */ = {isa = PBXFileReference; lastKnownFileType = wrapper.framework; name = OpenGL.framework; path = System/Library/Frameworks/OpenGL.framework; sourceTree = SDKROOT; };
		630F9C4E19F10B3C00DBF8C1 /* ApplicationServices.framework */ = {isa = PBXFileReference; lastKnownFileType = wrapper.framework; name = ApplicationServices.framework; path = System/Library/Frameworks/ApplicationServices.framework; sourceTree = SDKROOT; };
		630F9C5719F11DEE00DBF8C1 /* guiscene.hpp */ = {isa = PBXFileReference; lastKnownFileType = sourcecode.cpp.h; lineEnding = 0; name = guiscene.hpp; path = ../jni/src/guiscene.hpp; sourceTree = SOURCE_ROOT; xcLanguageSpecificationIdentifier = xcode.lang.cpp; };
		630F9C5B19F3BC1D00DBF8C1 /* opengl.hpp */ = {isa = PBXFileReference; lastKnownFileType = sourcecode.cpp.h; name = opengl.hpp; path = ../jni/src/opengl.hpp; sourceTree = SOURCE_ROOT; };
		630F9C5C19F3BC2B00DBF8C1 /* shader_interface.hpp */ = {isa = PBXFileReference; lastKnownFileType = sourcecode.cpp.h; name = shader_interface.hpp; path = ../jni/src/shader_interface.hpp; sourceTree = SOURCE_ROOT; };
		630F9C5E19F3C24E00DBF8C1 /* primitives.hpp */ = {isa = PBXFileReference; lastKnownFileType = sourcecode.cpp.h; name = primitives.hpp; path = ../jni/src/primitives.hpp; sourceTree = SOURCE_ROOT; };
		630F9C6019F3E73A00DBF8C1 /* vbo_interface.hpp */ = {isa = PBXFileReference; lastKnownFileType = sourcecode.cpp.h; name = vbo_interface.hpp; path = ../jni/src/vbo_interface.hpp; sourceTree = SOURCE_ROOT; };
		630F9C6119F3FBF000DBF8C1 /* vboscene.hpp */ = {isa = PBXFileReference; lastKnownFileType = sourcecode.cpp.h; name = vboscene.hpp; path = ../jni/src/vboscene.hpp; sourceTree = SOURCE_ROOT; };
		630F9C6219F4A08200DBF8C1 /* defaultshader.hpp */ = {isa = PBXFileReference; lastKnownFileType = sourcecode.cpp.h; name = defaultshader.hpp; path = ../jni/src/defaultshader.hpp; sourceTree = SOURCE_ROOT; };
		6320000A19EF41CF00C701D4 /* scene_interface.hpp */ = {isa = PBXFileReference; fileEncoding = 4; lastKnownFileType = sourcecode.cpp.h; name = scene_interface.hpp; path = ../jni/src/scene_interface.hpp; sourceTree = SOURCE_ROOT; };
		6320000B19EF422C00C701D4 /* notifier.cpp */ = {isa = PBXFileReference; fileEncoding = 4; lastKnownFileType = sourcecode.cpp.cpp; name = notifier.cpp; path = ../jni/src/notifier.cpp; sourceTree = SOURCE_ROOT; };
		6320000C19EF422C00C701D4 /* notifier.hpp */ = {isa = PBXFileReference; fileEncoding = 4; lastKnownFileType = sourcecode.cpp.h; name = notifier.hpp; path = ../jni/src/notifier.hpp; sourceTree = SOURCE_ROOT; };
		6320000E19EF425600C701D4 /* listener_interface.hpp */ = {isa = PBXFileReference; lastKnownFileType = sourcecode.cpp.h; name = listener_interface.hpp; path = ../jni/src/listener_interface.hpp; sourceTree = SOURCE_ROOT; };
		6320000F19EF428B00C701D4 /* spritedesc.hpp */ = {isa = PBXFileReference; lastKnownFileType = sourcecode.cpp.h; name = spritedesc.hpp; path = ../jni/src/spritedesc.hpp; sourceTree = SOURCE_ROOT; };
		6320001119EF42FF00C701D4 /* emptyscene.hpp */ = {isa = PBXFileReference; lastKnownFileType = sourcecode.cpp.h; lineEnding = 0; name = emptyscene.hpp; path = ../jni/src/emptyscene.hpp; sourceTree = SOURCE_ROOT; xcLanguageSpecificationIdentifier = xcode.lang.cpp; };
		6320F6B719EA6AD500C701D4 /* aldebaran */ = {isa = PBXFileReference; explicitFileType = "compiled.mach-o.executable"; includeInIndex = 0; path = aldebaran; sourceTree = BUILT_PRODUCTS_DIR; };
		6320F6C119EA6B0B00C701D4 /* SDL.xcodeproj */ = {isa = PBXFileReference; lastKnownFileType = "wrapper.pb-project"; name = SDL.xcodeproj; path = ../jni/SDL/Xcode/SDL/SDL.xcodeproj; sourceTree = "<group>"; };
		6320F6D019EA6B1B00C701D4 /* SDL_image.xcodeproj */ = {isa = PBXFileReference; lastKnownFileType = "wrapper.pb-project"; name = SDL_image.xcodeproj; path = ../jni/SDL_image/Xcode/SDL_image.xcodeproj; sourceTree = "<group>"; };
		6320F6D919EA6B2700C701D4 /* SDL_mixer.xcodeproj */ = {isa = PBXFileReference; lastKnownFileType = "wrapper.pb-project"; name = SDL_mixer.xcodeproj; path = ../jni/SDL_mixer/Xcode/SDL_mixer.xcodeproj; sourceTree = "<group>"; };
		6320F6E519EA6B3100C701D4 /* SDL_ttf.xcodeproj */ = {isa = PBXFileReference; lastKnownFileType = "wrapper.pb-project"; name = SDL_ttf.xcodeproj; path = ../jni/SDL_ttf/Xcode/SDL_ttf.xcodeproj; sourceTree = "<group>"; };
		6320F6EE19EA6B5E00C701D4 /* freetype.xcodeproj */ = {isa = PBXFileReference; lastKnownFileType = "wrapper.pb-project"; name = freetype.xcodeproj; path = ../jni/SDL_ttf/external/freetype/builds/freetype/freetype.xcodeproj; sourceTree = "<group>"; };
		6320F6F419EA6B8400C701D4 /* luacppinterface.xcodeproj */ = {isa = PBXFileReference; lastKnownFileType = "wrapper.pb-project"; name = luacppinterface.xcodeproj; path = ../jni/luacppinterface/luacppinterface.xcodeproj; sourceTree = "<group>"; };
		6320F6FF19EA6B8D00C701D4 /* lua.xcodeproj */ = {isa = PBXFileReference; lastKnownFileType = "wrapper.pb-project"; name = lua.xcodeproj; path = ../jni/luacppinterface/lua/lua.xcodeproj; sourceTree = "<group>"; };
		6320F70519EA6B9D00C701D4 /* Box2D.xcodeproj */ = {isa = PBXFileReference; lastKnownFileType = "wrapper.pb-project"; name = Box2D.xcodeproj; path = ../jni/box2d/Build/xcode4/Box2D.xcodeproj; sourceTree = "<group>"; };
		6320F71C19EA6BE900C701D4 /* AudioToolbox.framework */ = {isa = PBXFileReference; lastKnownFileType = wrapper.framework; name = AudioToolbox.framework; path = System/Library/Frameworks/AudioToolbox.framework; sourceTree = SDKROOT; };
		6320F74019EA6ED800C701D4 /* fontdesc.hpp */ = {isa = PBXFileReference; fileEncoding = 4; lastKnownFileType = sourcecode.cpp.h; name = fontdesc.hpp; path = ../jni/src/fontdesc.hpp; sourceTree = SOURCE_ROOT; };
		6320F74119EA6ED800C701D4 /* imagedesc.hpp */ = {isa = PBXFileReference; fileEncoding = 4; lastKnownFileType = sourcecode.cpp.h; name = imagedesc.hpp; path = ../jni/src/imagedesc.hpp; sourceTree = SOURCE_ROOT; };
		6320F74419EA6ED800C701D4 /* inputmachine.cpp */ = {isa = PBXFileReference; fileEncoding = 4; lastKnownFileType = sourcecode.cpp.cpp; name = inputmachine.cpp; path = ../jni/src/inputmachine.cpp; sourceTree = SOURCE_ROOT; };
		6320F74519EA6ED800C701D4 /* inputmachine.hpp */ = {isa = PBXFileReference; fileEncoding = 4; lastKnownFileType = sourcecode.cpp.h; name = inputmachine.hpp; path = ../jni/src/inputmachine.hpp; sourceTree = SOURCE_ROOT; };
		6320F74619EA6ED800C701D4 /* inputstate.cpp */ = {isa = PBXFileReference; fileEncoding = 4; lastKnownFileType = sourcecode.cpp.cpp; name = inputstate.cpp; path = ../jni/src/inputstate.cpp; sourceTree = SOURCE_ROOT; };
		6320F74719EA6ED800C701D4 /* inputstate.hpp */ = {isa = PBXFileReference; fileEncoding = 4; lastKnownFileType = sourcecode.cpp.h; name = inputstate.hpp; path = ../jni/src/inputstate.hpp; sourceTree = SOURCE_ROOT; };
		6320F74919EA6ED800C701D4 /* main.cpp */ = {isa = PBXFileReference; fileEncoding = 4; lastKnownFileType = sourcecode.cpp.cpp; name = main.cpp; path = ../jni/src/main.cpp; sourceTree = SOURCE_ROOT; };
		6320F74A19EA6ED800C701D4 /* manifestbasedresources.hpp */ = {isa = PBXFileReference; fileEncoding = 4; lastKnownFileType = sourcecode.cpp.h; name = manifestbasedresources.hpp; path = ../jni/src/manifestbasedresources.hpp; sourceTree = SOURCE_ROOT; };
		6320F74F19EA6ED800C701D4 /* printlog.cpp */ = {isa = PBXFileReference; fileEncoding = 4; lastKnownFileType = sourcecode.cpp.cpp; name = printlog.cpp; path = ../jni/src/printlog.cpp; sourceTree = SOURCE_ROOT; };
		6320F75019EA6ED800C701D4 /* printlog.hpp */ = {isa = PBXFileReference; fileEncoding = 4; lastKnownFileType = sourcecode.cpp.h; name = printlog.hpp; path = ../jni/src/printlog.hpp; sourceTree = SOURCE_ROOT; };
		6320F75119EA6ED800C701D4 /* resource_interface.hpp */ = {isa = PBXFileReference; fileEncoding = 4; lastKnownFileType = sourcecode.cpp.h; name = resource_interface.hpp; path = ../jni/src/resource_interface.hpp; sourceTree = SOURCE_ROOT; };
		6320F77119EA6ED800C701D4 /* ttffontdesc.hpp */ = {isa = PBXFileReference; fileEncoding = 4; lastKnownFileType = sourcecode.cpp.h; name = ttffontdesc.hpp; path = ../jni/src/ttffontdesc.hpp; sourceTree = SOURCE_ROOT; };
		6320F77419EA6ED800C701D4 /* utils.cpp */ = {isa = PBXFileReference; fileEncoding = 4; lastKnownFileType = sourcecode.cpp.cpp; name = utils.cpp; path = ../jni/src/utils.cpp; sourceTree = SOURCE_ROOT; };
		6320F77519EA6ED800C701D4 /* utils.hpp */ = {isa = PBXFileReference; fileEncoding = 4; lastKnownFileType = sourcecode.cpp.h; name = utils.hpp; path = ../jni/src/utils.hpp; sourceTree = SOURCE_ROOT; };
		6320FBB219EA70D700C701D4 /* Cocoa.framework */ = {isa = PBXFileReference; lastKnownFileType = wrapper.framework; name = Cocoa.framework; path = System/Library/Frameworks/Cocoa.framework; sourceTree = SDKROOT; };
		6320FBB419EA70E000C701D4 /* AppKit.framework */ = {isa = PBXFileReference; lastKnownFileType = wrapper.framework; name = AppKit.framework; path = System/Library/Frameworks/AppKit.framework; sourceTree = SDKROOT; };
		6320FBB619EA70EC00C701D4 /* Foundation.framework */ = {isa = PBXFileReference; lastKnownFileType = wrapper.framework; name = Foundation.framework; path = System/Library/Frameworks/Foundation.framework; sourceTree = SDKROOT; };
		6320FBB819EA712200C701D4 /* AudioUnit.framework */ = {isa = PBXFileReference; lastKnownFileType = wrapper.framework; name = AudioUnit.framework; path = System/Library/Frameworks/AudioUnit.framework; sourceTree = SDKROOT; };
		6320FBBA19EA714600C701D4 /* CoreData.framework */ = {isa = PBXFileReference; lastKnownFileType = wrapper.framework; name = CoreData.framework; path = System/Library/Frameworks/CoreData.framework; sourceTree = SDKROOT; };
		6320FBBC19EA715000C701D4 /* IOKit.framework */ = {isa = PBXFileReference; lastKnownFileType = wrapper.framework; name = IOKit.framework; path = System/Library/Frameworks/IOKit.framework; sourceTree = SDKROOT; };
		6320FBBE19EA718500C701D4 /* CoreFoundation.framework */ = {isa = PBXFileReference; lastKnownFileType = wrapper.framework; name = CoreFoundation.framework; path = System/Library/Frameworks/CoreFoundation.framework; sourceTree = SDKROOT; };
		6320FBC019EA719C00C701D4 /* CoreGraphics.framework */ = {isa = PBXFileReference; lastKnownFileType = wrapper.framework; name = CoreGraphics.framework; path = System/Library/Frameworks/CoreGraphics.framework; sourceTree = SDKROOT; };
		6320FBC219EA71AD00C701D4 /* GLKit.framework */ = {isa = PBXFileReference; lastKnownFileType = wrapper.framework; name = GLKit.framework; path = System/Library/Frameworks/GLKit.framework; sourceTree = SDKROOT; };
		6320FBC419EA71C700C701D4 /* QuartzCore.framework */ = {isa = PBXFileReference; lastKnownFileType = wrapper.framework; name = QuartzCore.framework; path = System/Library/Frameworks/QuartzCore.framework; sourceTree = SDKROOT; };
		6320FBC619EA71EB00C701D4 /* CoreAudio.framework */ = {isa = PBXFileReference; lastKnownFileType = wrapper.framework; name = CoreAudio.framework; path = System/Library/Frameworks/CoreAudio.framework; sourceTree = SDKROOT; };
		6320FBC819EA721800C701D4 /* ForceFeedback.framework */ = {isa = PBXFileReference; lastKnownFileType = wrapper.framework; name = ForceFeedback.framework; path = System/Library/Frameworks/ForceFeedback.framework; sourceTree = SDKROOT; };
		6320FBCA19EA72A100C701D4 /* Carbon.framework */ = {isa = PBXFileReference; lastKnownFileType = wrapper.framework; name = Carbon.framework; path = System/Library/Frameworks/Carbon.framework; sourceTree = SDKROOT; };
		632174E11ADCE91300EB9AD0 /* compositescene.hpp */ = {isa = PBXFileReference; lastKnownFileType = sourcecode.cpp.h; lineEnding = 0; name = compositescene.hpp; path = ../jni/src/compositescene.hpp; sourceTree = SOURCE_ROOT; xcLanguageSpecificationIdentifier = xcode.lang.cpp; };
		632174E21ADCEB6300EB9AD0 /* rendercontext_interface.hpp */ = {isa = PBXFileReference; lastKnownFileType = sourcecode.cpp.h; name = rendercontext_interface.hpp; path = ../jni/src/rendercontext_interface.hpp; sourceTree = SOURCE_ROOT; };
		632174E31ADCEBE700EB9AD0 /* gamecontext.hpp */ = {isa = PBXFileReference; lastKnownFileType = sourcecode.cpp.h; name = gamecontext.hpp; path = ../jni/src/gamecontext.hpp; sourceTree = SOURCE_ROOT; };
		6322C7391A6B5BC10002F962 /* quadvbo.hpp */ = {isa = PBXFileReference; lastKnownFileType = sourcecode.cpp.h; name = quadvbo.hpp; path = ../jni/src/quadvbo.hpp; sourceTree = SOURCE_ROOT; };
		6322C73A1A6B5BC10002F962 /* trianglevbo.hpp */ = {isa = PBXFileReference; lastKnownFileType = sourcecode.cpp.h; name = trianglevbo.hpp; path = ../jni/src/trianglevbo.hpp; sourceTree = SOURCE_ROOT; };
		6322C73B1A6B8B010002F962 /* quadcollectionvbo.hpp */ = {isa = PBXFileReference; lastKnownFileType = sourcecode.cpp.h; name = quadcollectionvbo.hpp; path = ../jni/src/quadcollectionvbo.hpp; sourceTree = SOURCE_ROOT; };
		6322C73C1A6B8C700002F962 /* primitives.cpp */ = {isa = PBXFileReference; fileEncoding = 4; lastKnownFileType = sourcecode.cpp.cpp; name = primitives.cpp; path = ../jni/src/primitives.cpp; sourceTree = SOURCE_ROOT; };
		632D21871ADA53D600259188 /* blurshader.hpp */ = {isa = PBXFileReference; lastKnownFileType = sourcecode.cpp.h; name = blurshader.hpp; path = ../jni/src/blurshader.hpp; sourceTree = SOURCE_ROOT; };
		636780991B36660700084CC1 /* wireframeshader.hpp */ = {isa = PBXFileReference; lastKnownFileType = sourcecode.cpp.h; name = wireframeshader.hpp; path = ../../jni/src/wireframeshader.hpp; sourceTree = "<group>"; };
		636780AD1B39030B00084CC1 /* tileset.hpp */ = {isa = PBXFileReference; lastKnownFileType = sourcecode.cpp.h; name = tileset.hpp; path = ../../jni/src/tileset.hpp; sourceTree = "<group>"; };
		636780AE1B39037700084CC1 /* tilemapscene.hpp */ = {isa = PBXFileReference; lastKnownFileType = sourcecode.cpp.h; name = tilemapscene.hpp; path = ../../jni/src/tilemapscene.hpp; sourceTree = "<group>"; };
		636780AF1B3903D700084CC1 /* characterset.hpp */ = {isa = PBXFileReference; lastKnownFileType = sourcecode.cpp.h; name = characterset.hpp; path = ../../jni/src/characterset.hpp; sourceTree = "<group>"; };
		636780B01B39042900084CC1 /* charactersceneelement.hpp */ = {isa = PBXFileReference; lastKnownFileType = sourcecode.cpp.h; name = charactersceneelement.hpp; path = ../../jni/src/charactersceneelement.hpp; sourceTree = "<group>"; };
		636780B11B39051200084CC1 /* characterscene.hpp */ = {isa = PBXFileReference; lastKnownFileType = sourcecode.cpp.h; name = characterscene.hpp; path = ../../jni/src/characterscene.hpp; sourceTree = "<group>"; };
		636780B21B39058200084CC1 /* rpgmapscene.hpp */ = {isa = PBXFileReference; lastKnownFileType = sourcecode.cpp.h; name = rpgmapscene.hpp; path = ../../jni/src/rpgmapscene.hpp; sourceTree = "<group>"; };
		6368C97C1B025E37001B8787 /* twodarray.hpp */ = {isa = PBXFileReference; lastKnownFileType = sourcecode.cpp.h; name = twodarray.hpp; path = ../jni/src/twodarray.hpp; sourceTree = SOURCE_ROOT; };
		637FACB11B05762D0057B891 /* twodarray_interface.hpp */ = {isa = PBXFileReference; lastKnownFileType = sourcecode.cpp.h; name = twodarray_interface.hpp; path = ../../jni/src/twodarray_interface.hpp; sourceTree = "<group>"; };
		63A687271A9DC8750066A782 /* fpsscene.hpp */ = {isa = PBXFileReference; lastKnownFileType = sourcecode.cpp.h; lineEnding = 0; name = fpsscene.hpp; path = ../jni/src/fpsscene.hpp; sourceTree = SOURCE_ROOT; xcLanguageSpecificationIdentifier = xcode.lang.cpp; };
		63A6873A1A9EBC760066A782 /* composablescene_interface.hpp */ = {isa = PBXFileReference; lastKnownFileType = sourcecode.cpp.h; name = composablescene_interface.hpp; path = ../jni/src/composablescene_interface.hpp; sourceTree = SOURCE_ROOT; };
		63A6873B1A9F0D370066A782 /* viewscene.hpp */ = {isa = PBXFileReference; lastKnownFileType = sourcecode.cpp.h; name = viewscene.hpp; path = ../jni/src/viewscene.hpp; sourceTree = SOURCE_ROOT; };
		63A6873C1AA946550066A782 /* colorshader.hpp */ = {isa = PBXFileReference; lastKnownFileType = sourcecode.cpp.h; name = colorshader.hpp; path = ../jni/src/colorshader.hpp; sourceTree = SOURCE_ROOT; };
		63BC197519FBD02A00AEB697 /* rectanglesvbo.hpp */ = {isa = PBXFileReference; lastKnownFileType = sourcecode.cpp.h; name = rectanglesvbo.hpp; path = ../jni/src/rectanglesvbo.hpp; sourceTree = SOURCE_ROOT; };
/* End PBXFileReference section */

/* Begin PBXFrameworksBuildPhase section */
		6320F6B419EA6AD500C701D4 /* Frameworks */ = {
			isa = PBXFrameworksBuildPhase;
			buildActionMask = 2147483647;
			files = (
				630F9B8F19F1011400DBF8C1 /* OpenGL.framework in Frameworks */,
				6320FBCB19EA72A100C701D4 /* Carbon.framework in Frameworks */,
				6320FBC919EA721900C701D4 /* ForceFeedback.framework in Frameworks */,
				6320FBC719EA71EC00C701D4 /* CoreAudio.framework in Frameworks */,
				6320FBBD19EA715000C701D4 /* IOKit.framework in Frameworks */,
				6320FBB919EA712200C701D4 /* AudioUnit.framework in Frameworks */,
				6320F71D19EA6BE900C701D4 /* AudioToolbox.framework in Frameworks */,
				6320FBB719EA70EC00C701D4 /* Foundation.framework in Frameworks */,
				6320FBB519EA70E000C701D4 /* AppKit.framework in Frameworks */,
				6320FBB319EA70D700C701D4 /* Cocoa.framework in Frameworks */,
				6320F79019EA6F1700C701D4 /* libfreetype.a in Frameworks */,
				6320F71B19EA6BE400C701D4 /* libSDL2.a in Frameworks */,
				6320F71A19EA6BE100C701D4 /* libSDL2_ttf.a in Frameworks */,
				6320F71919EA6BDE00C701D4 /* libSDL2_mixer.a in Frameworks */,
				6320F71819EA6BDC00C701D4 /* libSDL2_image.a in Frameworks */,
				6320F71719EA6BD900C701D4 /* libluacppinterface.a in Frameworks */,
				6320F71619EA6BD700C701D4 /* liblua.a in Frameworks */,
				6320F71419EA6BD100C701D4 /* libBox2D.a in Frameworks */,
			);
			runOnlyForDeploymentPostprocessing = 0;
		};
/* End PBXFrameworksBuildPhase section */

/* Begin PBXGroup section */
		630F9C5819F3BB2000DBF8C1 /* opengl */ = {
			isa = PBXGroup;
			children = (
				6322C7391A6B5BC10002F962 /* quadvbo.hpp */,
				6322C73A1A6B5BC10002F962 /* trianglevbo.hpp */,
				630F9C5C19F3BC2B00DBF8C1 /* shader_interface.hpp */,
				630F9C5B19F3BC1D00DBF8C1 /* opengl.hpp */,
				632D21871ADA53D600259188 /* blurshader.hpp */,
				630F9C5E19F3C24E00DBF8C1 /* primitives.hpp */,
				630F9C6019F3E73A00DBF8C1 /* vbo_interface.hpp */,
				630F9C6219F4A08200DBF8C1 /* defaultshader.hpp */,
				63BC197519FBD02A00AEB697 /* rectanglesvbo.hpp */,
				6322C73B1A6B8B010002F962 /* quadcollectionvbo.hpp */,
				6322C73C1A6B8C700002F962 /* primitives.cpp */,
				63A6873C1AA946550066A782 /* colorshader.hpp */,
				636780991B36660700084CC1 /* wireframeshader.hpp */,
			);
			name = opengl;
			sourceTree = "<group>";
		};
		6320001019EF42D000C701D4 /* scenes */ = {
			isa = PBXGroup;
			children = (
				636780AC1B38F9D400084CC1 /* rpg */,
				6320001119EF42FF00C701D4 /* emptyscene.hpp */,
				630F9C5719F11DEE00DBF8C1 /* guiscene.hpp */,
				630F9C6119F3FBF000DBF8C1 /* vboscene.hpp */,
				63A687271A9DC8750066A782 /* fpsscene.hpp */,
				63A6873A1A9EBC760066A782 /* composablescene_interface.hpp */,
				63A6873B1A9F0D370066A782 /* viewscene.hpp */,
				632174E11ADCE91300EB9AD0 /* compositescene.hpp */,
				636780B21B39058200084CC1 /* rpgmapscene.hpp */,
			);
			name = scenes;
			sourceTree = "<group>";
		};
		6320F6AE19EA6AD500C701D4 = {
			isa = PBXGroup;
			children = (
				6320FFF619EEA87500C701D4 /* Frameworks */,
				6320F6B919EA6AD500C701D4 /* aldebaran */,
				6320F6B819EA6AD500C701D4 /* Products */,
				6320F70519EA6B9D00C701D4 /* Box2D.xcodeproj */,
				6320F6FF19EA6B8D00C701D4 /* lua.xcodeproj */,
				6320F6F419EA6B8400C701D4 /* luacppinterface.xcodeproj */,
				6320F6EE19EA6B5E00C701D4 /* freetype.xcodeproj */,
				6320F6E519EA6B3100C701D4 /* SDL_ttf.xcodeproj */,
				6320F6D919EA6B2700C701D4 /* SDL_mixer.xcodeproj */,
				6320F6D019EA6B1B00C701D4 /* SDL_image.xcodeproj */,
				6320F6C119EA6B0B00C701D4 /* SDL.xcodeproj */,
			);
			sourceTree = "<group>";
		};
		6320F6B819EA6AD500C701D4 /* Products */ = {
			isa = PBXGroup;
			children = (
				6320F6B719EA6AD500C701D4 /* aldebaran */,
			);
			name = Products;
			sourceTree = "<group>";
		};
		6320F6B919EA6AD500C701D4 /* aldebaran */ = {
			isa = PBXGroup;
			children = (
				630F9C5819F3BB2000DBF8C1 /* opengl */,
				6320001019EF42D000C701D4 /* scenes */,
				6320000F19EF428B00C701D4 /* spritedesc.hpp */,
				6368C97C1B025E37001B8787 /* twodarray.hpp */,
				6320000E19EF425600C701D4 /* listener_interface.hpp */,
				6320000B19EF422C00C701D4 /* notifier.cpp */,
				6320000C19EF422C00C701D4 /* notifier.hpp */,
				6320000A19EF41CF00C701D4 /* scene_interface.hpp */,
				6320F74019EA6ED800C701D4 /* fontdesc.hpp */,
				6320F74119EA6ED800C701D4 /* imagedesc.hpp */,
				6320F74419EA6ED800C701D4 /* inputmachine.cpp */,
				6320F74519EA6ED800C701D4 /* inputmachine.hpp */,
				6320F74619EA6ED800C701D4 /* inputstate.cpp */,
				6320F74719EA6ED800C701D4 /* inputstate.hpp */,
				6320F74919EA6ED800C701D4 /* main.cpp */,
				6320F74A19EA6ED800C701D4 /* manifestbasedresources.hpp */,
				6320F74F19EA6ED800C701D4 /* printlog.cpp */,
				6320F75019EA6ED800C701D4 /* printlog.hpp */,
				6320F75119EA6ED800C701D4 /* resource_interface.hpp */,
				6320F77119EA6ED800C701D4 /* ttffontdesc.hpp */,
				6320F77419EA6ED800C701D4 /* utils.cpp */,
				6320F77519EA6ED800C701D4 /* utils.hpp */,
				632174E21ADCEB6300EB9AD0 /* rendercontext_interface.hpp */,
				632174E31ADCEBE700EB9AD0 /* gamecontext.hpp */,
				637FACB11B05762D0057B891 /* twodarray_interface.hpp */,
			);
			path = aldebaran;
			sourceTree = "<group>";
		};
		6320F6C219EA6B0B00C701D4 /* Products */ = {
			isa = PBXGroup;
			children = (
				6320F6C919EA6B0B00C701D4 /* SDL2.framework */,
				6320F6CB19EA6B0B00C701D4 /* libSDL2.a */,
				6320F6CD19EA6B0B00C701D4 /* libSDL2.dylib */,
				6320F6CF19EA6B0B00C701D4 /* Standard DMG */,
			);
			name = Products;
			sourceTree = "<group>";
		};
		6320F6D119EA6B1B00C701D4 /* Products */ = {
			isa = PBXGroup;
			children = (
				6320F6D619EA6B1B00C701D4 /* libSDL2_image.a */,
				6320F6D819EA6B1B00C701D4 /* Create DMG */,
			);
			name = Products;
			sourceTree = "<group>";
		};
		6320F6DA19EA6B2700C701D4 /* Products */ = {
			isa = PBXGroup;
			children = (
				6320F6E219EA6B2700C701D4 /* libSDL2_mixer.a */,
				6320F6E419EA6B2700C701D4 /* Create DMG */,
			);
			name = Products;
			sourceTree = "<group>";
		};
		6320F6E619EA6B3100C701D4 /* Products */ = {
			isa = PBXGroup;
			children = (
				6320F6EB19EA6B3100C701D4 /* libSDL2_ttf.a */,
				6320F6ED19EA6B3100C701D4 /* Create DMG */,
			);
			name = Products;
			sourceTree = "<group>";
		};
		6320F6EF19EA6B5E00C701D4 /* Products */ = {
			isa = PBXGroup;
			children = (
				6320F6F319EA6B5F00C701D4 /* libfreetype.a */,
			);
			name = Products;
			sourceTree = "<group>";
		};
		6320F6F519EA6B8400C701D4 /* Products */ = {
			isa = PBXGroup;
			children = (
				6320F6FB19EA6B8500C701D4 /* libluacppinterface.a */,
				6320F6FD19EA6B8500C701D4 /* luacppinterfacetest */,
			);
			name = Products;
			sourceTree = "<group>";
		};
		6320F70019EA6B8D00C701D4 /* Products */ = {
			isa = PBXGroup;
			children = (
				6320F70419EA6B8D00C701D4 /* liblua.a */,
			);
			name = Products;
			sourceTree = "<group>";
		};
		6320F70619EA6B9D00C701D4 /* Products */ = {
			isa = PBXGroup;
			children = (
				6320F70D19EA6B9D00C701D4 /* libBox2D.a */,
				6320F70F19EA6B9D00C701D4 /* libGLUI.a */,
				6320F71119EA6B9D00C701D4 /* HelloWorld */,
				6320F71319EA6B9D00C701D4 /* Testbed */,
			);
			name = Products;
			sourceTree = "<group>";
		};
		6320FFF619EEA87500C701D4 /* Frameworks */ = {
			isa = PBXGroup;
			children = (
				630F9C4E19F10B3C00DBF8C1 /* ApplicationServices.framework */,
				630F9B8E19F1011400DBF8C1 /* OpenGL.framework */,
				6320FBCA19EA72A100C701D4 /* Carbon.framework */,
				6320FBC819EA721800C701D4 /* ForceFeedback.framework */,
				6320FBC619EA71EB00C701D4 /* CoreAudio.framework */,
				6320FBC419EA71C700C701D4 /* QuartzCore.framework */,
				6320FBC219EA71AD00C701D4 /* GLKit.framework */,
				6320FBC019EA719C00C701D4 /* CoreGraphics.framework */,
				6320FBBE19EA718500C701D4 /* CoreFoundation.framework */,
				6320FBBC19EA715000C701D4 /* IOKit.framework */,
				6320FBBA19EA714600C701D4 /* CoreData.framework */,
				6320FBB819EA712200C701D4 /* AudioUnit.framework */,
				6320FBB619EA70EC00C701D4 /* Foundation.framework */,
				6320FBB419EA70E000C701D4 /* AppKit.framework */,
				6320FBB219EA70D700C701D4 /* Cocoa.framework */,
				6320F71C19EA6BE900C701D4 /* AudioToolbox.framework */,
			);
			name = Frameworks;
			sourceTree = "<group>";
		};
		636780AC1B38F9D400084CC1 /* rpg */ = {
			isa = PBXGroup;
			children = (
				636780AD1B39030B00084CC1 /* tileset.hpp */,
				636780AE1B39037700084CC1 /* tilemapscene.hpp */,
				636780AF1B3903D700084CC1 /* characterset.hpp */,
				636780B01B39042900084CC1 /* charactersceneelement.hpp */,
				636780B11B39051200084CC1 /* characterscene.hpp */,
			);
			name = rpg;
			sourceTree = "<group>";
		};
/* End PBXGroup section */

/* Begin PBXNativeTarget section */
		6320F6B619EA6AD500C701D4 /* aldebaran */ = {
			isa = PBXNativeTarget;
			buildConfigurationList = 6320F6BE19EA6AD500C701D4 /* Build configuration list for PBXNativeTarget "aldebaran" */;
			buildPhases = (
				6320F6B319EA6AD500C701D4 /* Sources */,
				6320F6B419EA6AD500C701D4 /* Frameworks */,
				6320F6B519EA6AD500C701D4 /* CopyFiles */,
			);
			buildRules = (
			);
			dependencies = (
			);
			name = aldebaran;
			productName = aldebaran;
			productReference = 6320F6B719EA6AD500C701D4 /* aldebaran */;
			productType = "com.apple.product-type.tool";
		};
/* End PBXNativeTarget section */

/* Begin PBXProject section */
		6320F6AF19EA6AD500C701D4 /* Project object */ = {
			isa = PBXProject;
			attributes = {
				LastUpgradeCheck = 0600;
				ORGANIZATIONNAME = "David Siaw";
				TargetAttributes = {
					6320F6B619EA6AD500C701D4 = {
						CreatedOnToolsVersion = 6.0.1;
					};
				};
			};
			buildConfigurationList = 6320F6B219EA6AD500C701D4 /* Build configuration list for PBXProject "aldebaran" */;
			compatibilityVersion = "Xcode 3.2";
			developmentRegion = English;
			hasScannedForEncodings = 0;
			knownRegions = (
				en,
			);
			mainGroup = 6320F6AE19EA6AD500C701D4;
			productRefGroup = 6320F6B819EA6AD500C701D4 /* Products */;
			projectDirPath = "";
			projectReferences = (
				{
					ProductGroup = 6320F70619EA6B9D00C701D4 /* Products */;
					ProjectRef = 6320F70519EA6B9D00C701D4 /* Box2D.xcodeproj */;
				},
				{
					ProductGroup = 6320F6EF19EA6B5E00C701D4 /* Products */;
					ProjectRef = 6320F6EE19EA6B5E00C701D4 /* freetype.xcodeproj */;
				},
				{
					ProductGroup = 6320F70019EA6B8D00C701D4 /* Products */;
					ProjectRef = 6320F6FF19EA6B8D00C701D4 /* lua.xcodeproj */;
				},
				{
					ProductGroup = 6320F6F519EA6B8400C701D4 /* Products */;
					ProjectRef = 6320F6F419EA6B8400C701D4 /* luacppinterface.xcodeproj */;
				},
				{
					ProductGroup = 6320F6C219EA6B0B00C701D4 /* Products */;
					ProjectRef = 6320F6C119EA6B0B00C701D4 /* SDL.xcodeproj */;
				},
				{
					ProductGroup = 6320F6D119EA6B1B00C701D4 /* Products */;
					ProjectRef = 6320F6D019EA6B1B00C701D4 /* SDL_image.xcodeproj */;
				},
				{
					ProductGroup = 6320F6DA19EA6B2700C701D4 /* Products */;
					ProjectRef = 6320F6D919EA6B2700C701D4 /* SDL_mixer.xcodeproj */;
				},
				{
					ProductGroup = 6320F6E619EA6B3100C701D4 /* Products */;
					ProjectRef = 6320F6E519EA6B3100C701D4 /* SDL_ttf.xcodeproj */;
				},
			);
			projectRoot = "";
			targets = (
				6320F6B619EA6AD500C701D4 /* aldebaran */,
			);
		};
/* End PBXProject section */

/* Begin PBXReferenceProxy section */
		6320F6C919EA6B0B00C701D4 /* SDL2.framework */ = {
			isa = PBXReferenceProxy;
			fileType = wrapper.framework;
			path = SDL2.framework;
			remoteRef = 6320F6C819EA6B0B00C701D4 /* PBXContainerItemProxy */;
			sourceTree = BUILT_PRODUCTS_DIR;
		};
		6320F6CB19EA6B0B00C701D4 /* libSDL2.a */ = {
			isa = PBXReferenceProxy;
			fileType = archive.ar;
			path = libSDL2.a;
			remoteRef = 6320F6CA19EA6B0B00C701D4 /* PBXContainerItemProxy */;
			sourceTree = BUILT_PRODUCTS_DIR;
		};
		6320F6CD19EA6B0B00C701D4 /* libSDL2.dylib */ = {
			isa = PBXReferenceProxy;
			fileType = "compiled.mach-o.dylib";
			path = libSDL2.dylib;
			remoteRef = 6320F6CC19EA6B0B00C701D4 /* PBXContainerItemProxy */;
			sourceTree = BUILT_PRODUCTS_DIR;
		};
		6320F6CF19EA6B0B00C701D4 /* Standard DMG */ = {
			isa = PBXReferenceProxy;
			fileType = "compiled.mach-o.executable";
			path = "Standard DMG";
			remoteRef = 6320F6CE19EA6B0B00C701D4 /* PBXContainerItemProxy */;
			sourceTree = BUILT_PRODUCTS_DIR;
		};
		6320F6D619EA6B1B00C701D4 /* libSDL2_image.a */ = {
			isa = PBXReferenceProxy;
			fileType = archive.ar;
			path = libSDL2_image.a;
			remoteRef = 6320F6D519EA6B1B00C701D4 /* PBXContainerItemProxy */;
			sourceTree = BUILT_PRODUCTS_DIR;
		};
		6320F6D819EA6B1B00C701D4 /* Create DMG */ = {
			isa = PBXReferenceProxy;
			fileType = "compiled.mach-o.executable";
			path = "Create DMG";
			remoteRef = 6320F6D719EA6B1B00C701D4 /* PBXContainerItemProxy */;
			sourceTree = BUILT_PRODUCTS_DIR;
		};
		6320F6E219EA6B2700C701D4 /* libSDL2_mixer.a */ = {
			isa = PBXReferenceProxy;
			fileType = archive.ar;
			path = libSDL2_mixer.a;
			remoteRef = 6320F6E119EA6B2700C701D4 /* PBXContainerItemProxy */;
			sourceTree = BUILT_PRODUCTS_DIR;
		};
		6320F6E419EA6B2700C701D4 /* Create DMG */ = {
			isa = PBXReferenceProxy;
			fileType = "compiled.mach-o.executable";
			path = "Create DMG";
			remoteRef = 6320F6E319EA6B2700C701D4 /* PBXContainerItemProxy */;
			sourceTree = BUILT_PRODUCTS_DIR;
		};
		6320F6EB19EA6B3100C701D4 /* libSDL2_ttf.a */ = {
			isa = PBXReferenceProxy;
			fileType = archive.ar;
			path = libSDL2_ttf.a;
			remoteRef = 6320F6EA19EA6B3100C701D4 /* PBXContainerItemProxy */;
			sourceTree = BUILT_PRODUCTS_DIR;
		};
		6320F6ED19EA6B3100C701D4 /* Create DMG */ = {
			isa = PBXReferenceProxy;
			fileType = "compiled.mach-o.executable";
			path = "Create DMG";
			remoteRef = 6320F6EC19EA6B3100C701D4 /* PBXContainerItemProxy */;
			sourceTree = BUILT_PRODUCTS_DIR;
		};
		6320F6F319EA6B5F00C701D4 /* libfreetype.a */ = {
			isa = PBXReferenceProxy;
			fileType = archive.ar;
			path = libfreetype.a;
			remoteRef = 6320F6F219EA6B5F00C701D4 /* PBXContainerItemProxy */;
			sourceTree = BUILT_PRODUCTS_DIR;
		};
		6320F6FB19EA6B8500C701D4 /* libluacppinterface.a */ = {
			isa = PBXReferenceProxy;
			fileType = archive.ar;
			path = libluacppinterface.a;
			remoteRef = 6320F6FA19EA6B8500C701D4 /* PBXContainerItemProxy */;
			sourceTree = BUILT_PRODUCTS_DIR;
		};
		6320F6FD19EA6B8500C701D4 /* luacppinterfacetest */ = {
			isa = PBXReferenceProxy;
			fileType = "compiled.mach-o.executable";
			path = luacppinterfacetest;
			remoteRef = 6320F6FC19EA6B8500C701D4 /* PBXContainerItemProxy */;
			sourceTree = BUILT_PRODUCTS_DIR;
		};
		6320F70419EA6B8D00C701D4 /* liblua.a */ = {
			isa = PBXReferenceProxy;
			fileType = archive.ar;
			path = liblua.a;
			remoteRef = 6320F70319EA6B8D00C701D4 /* PBXContainerItemProxy */;
			sourceTree = BUILT_PRODUCTS_DIR;
		};
		6320F70D19EA6B9D00C701D4 /* libBox2D.a */ = {
			isa = PBXReferenceProxy;
			fileType = archive.ar;
			path = libBox2D.a;
			remoteRef = 6320F70C19EA6B9D00C701D4 /* PBXContainerItemProxy */;
			sourceTree = BUILT_PRODUCTS_DIR;
		};
		6320F70F19EA6B9D00C701D4 /* libGLUI.a */ = {
			isa = PBXReferenceProxy;
			fileType = archive.ar;
			path = libGLUI.a;
			remoteRef = 6320F70E19EA6B9D00C701D4 /* PBXContainerItemProxy */;
			sourceTree = BUILT_PRODUCTS_DIR;
		};
		6320F71119EA6B9D00C701D4 /* HelloWorld */ = {
			isa = PBXReferenceProxy;
			fileType = "compiled.mach-o.executable";
			path = HelloWorld;
			remoteRef = 6320F71019EA6B9D00C701D4 /* PBXContainerItemProxy */;
			sourceTree = BUILT_PRODUCTS_DIR;
		};
		6320F71319EA6B9D00C701D4 /* Testbed */ = {
			isa = PBXReferenceProxy;
			fileType = "compiled.mach-o.executable";
			path = Testbed;
			remoteRef = 6320F71219EA6B9D00C701D4 /* PBXContainerItemProxy */;
			sourceTree = BUILT_PRODUCTS_DIR;
		};
/* End PBXReferenceProxy section */

/* Begin PBXSourcesBuildPhase section */
		6320F6B319EA6AD500C701D4 /* Sources */ = {
			isa = PBXSourcesBuildPhase;
			buildActionMask = 2147483647;
			files = (
				6320F78319EA6ED800C701D4 /* printlog.cpp in Sources */,
				6320000D19EF422C00C701D4 /* notifier.cpp in Sources */,
				6320F77F19EA6ED800C701D4 /* inputstate.cpp in Sources */,
				6320F77E19EA6ED800C701D4 /* inputmachine.cpp in Sources */,
				6320F78019EA6ED800C701D4 /* main.cpp in Sources */,
				6322C73D1A6B8C700002F962 /* primitives.cpp in Sources */,
				6320F78E19EA6ED800C701D4 /* utils.cpp in Sources */,
			);
			runOnlyForDeploymentPostprocessing = 0;
		};
/* End PBXSourcesBuildPhase section */

/* Begin XCBuildConfiguration section */
		6320F6BC19EA6AD500C701D4 /* Debug */ = {
			isa = XCBuildConfiguration;
			buildSettings = {
				ALWAYS_SEARCH_USER_PATHS = NO;
				CLANG_CXX_LANGUAGE_STANDARD = "gnu++0x";
				CLANG_CXX_LIBRARY = "libc++";
				CLANG_ENABLE_MODULES = YES;
				CLANG_ENABLE_OBJC_ARC = YES;
				CLANG_WARN_BOOL_CONVERSION = YES;
				CLANG_WARN_CONSTANT_CONVERSION = YES;
				CLANG_WARN_DIRECT_OBJC_ISA_USAGE = YES_ERROR;
				CLANG_WARN_EMPTY_BODY = YES;
				CLANG_WARN_ENUM_CONVERSION = YES;
				CLANG_WARN_INT_CONVERSION = YES;
				CLANG_WARN_OBJC_ROOT_CLASS = YES_ERROR;
				CLANG_WARN_UNREACHABLE_CODE = YES;
				CLANG_WARN__DUPLICATE_METHOD_MATCH = YES;
				COPY_PHASE_STRIP = NO;
				ENABLE_STRICT_OBJC_MSGSEND = YES;
				GCC_C_LANGUAGE_STANDARD = gnu99;
				GCC_DYNAMIC_NO_PIC = NO;
				GCC_OPTIMIZATION_LEVEL = 0;
				GCC_PREPROCESSOR_DEFINITIONS = (
					"DEBUG=1",
					"$(inherited)",
				);
				GCC_SYMBOLS_PRIVATE_EXTERN = NO;
				GCC_WARN_64_TO_32_BIT_CONVERSION = YES;
				GCC_WARN_ABOUT_RETURN_TYPE = YES_ERROR;
				GCC_WARN_UNDECLARED_SELECTOR = YES;
				GCC_WARN_UNINITIALIZED_AUTOS = YES_AGGRESSIVE;
				GCC_WARN_UNUSED_FUNCTION = YES;
				GCC_WARN_UNUSED_VARIABLE = YES;
				MACOSX_DEPLOYMENT_TARGET = 10.9;
				MTL_ENABLE_DEBUG_INFO = YES;
				ONLY_ACTIVE_ARCH = YES;
				SDKROOT = macosx;
			};
			name = Debug;
		};
		6320F6BD19EA6AD500C701D4 /* Release */ = {
			isa = XCBuildConfiguration;
			buildSettings = {
				ALWAYS_SEARCH_USER_PATHS = NO;
				CLANG_CXX_LANGUAGE_STANDARD = "gnu++0x";
				CLANG_CXX_LIBRARY = "libc++";
				CLANG_ENABLE_MODULES = YES;
				CLANG_ENABLE_OBJC_ARC = YES;
				CLANG_WARN_BOOL_CONVERSION = YES;
				CLANG_WARN_CONSTANT_CONVERSION = YES;
				CLANG_WARN_DIRECT_OBJC_ISA_USAGE = YES_ERROR;
				CLANG_WARN_EMPTY_BODY = YES;
				CLANG_WARN_ENUM_CONVERSION = YES;
				CLANG_WARN_INT_CONVERSION = YES;
				CLANG_WARN_OBJC_ROOT_CLASS = YES_ERROR;
				CLANG_WARN_UNREACHABLE_CODE = YES;
				CLANG_WARN__DUPLICATE_METHOD_MATCH = YES;
				COPY_PHASE_STRIP = YES;
				DEBUG_INFORMATION_FORMAT = "dwarf-with-dsym";
				ENABLE_NS_ASSERTIONS = NO;
				ENABLE_STRICT_OBJC_MSGSEND = YES;
				GCC_C_LANGUAGE_STANDARD = gnu99;
				GCC_WARN_64_TO_32_BIT_CONVERSION = YES;
				GCC_WARN_ABOUT_RETURN_TYPE = YES_ERROR;
				GCC_WARN_UNDECLARED_SELECTOR = YES;
				GCC_WARN_UNINITIALIZED_AUTOS = YES_AGGRESSIVE;
				GCC_WARN_UNUSED_FUNCTION = YES;
				GCC_WARN_UNUSED_VARIABLE = YES;
				MACOSX_DEPLOYMENT_TARGET = 10.9;
				MTL_ENABLE_DEBUG_INFO = NO;
				SDKROOT = macosx;
			};
			name = Release;
		};
		6320F6BF19EA6AD500C701D4 /* Debug */ = {
			isa = XCBuildConfiguration;
			buildSettings = {
				HEADER_SEARCH_PATHS = (
					"$(inherited)",
					/Applications/Xcode.app/Contents/Developer/Toolchains/XcodeDefault.xctoolchain/usr/include,
					"$(PROJECT_DIR)/../jni/SDL/include",
					"$(PROJECT_DIR)/../jni/boost/",
					"$(PROJECT_DIR)/../jni/SDL_image",
					"$(PROJECT_DIR)/../jni/SDL_mixer",
					"$(PROJECT_DIR)/../jni/SDL_ttf",
					"$(PROJECT_DIR)/../jni/luacppinterface/LuaCppInterface",
					"$(PROJECT_DIR)/../jni/luacppinterface/lua/src",
					"$(PROJECT_DIR)/../jni/box2d",
					"$(PROJECT_DIR)/../jni/glm",
				);
				PRODUCT_NAME = "$(TARGET_NAME)";
			};
			name = Debug;
		};
		6320F6C019EA6AD500C701D4 /* Release */ = {
			isa = XCBuildConfiguration;
			buildSettings = {
				HEADER_SEARCH_PATHS = (
					"$(inherited)",
					/Applications/Xcode.app/Contents/Developer/Toolchains/XcodeDefault.xctoolchain/usr/include,
					"$(PROJECT_DIR)/../jni/SDL/include",
					"$(PROJECT_DIR)/../jni/boost/",
					"$(PROJECT_DIR)/../jni/SDL_image",
					"$(PROJECT_DIR)/../jni/SDL_mixer",
					"$(PROJECT_DIR)/../jni/SDL_ttf",
					"$(PROJECT_DIR)/../jni/luacppinterface/LuaCppInterface",
					"$(PROJECT_DIR)/../jni/luacppinterface/lua/src",
					"$(PROJECT_DIR)/../jni/box2d",
					"$(PROJECT_DIR)/../jni/glm",
				);
				PRODUCT_NAME = "$(TARGET_NAME)";
			};
			name = Release;
		};
/* End XCBuildConfiguration section */

/* Begin XCConfigurationList section */
		6320F6B219EA6AD500C701D4 /* Build configuration list for PBXProject "aldebaran" */ = {
			isa = XCConfigurationList;
			buildConfigurations = (
				6320F6BC19EA6AD500C701D4 /* Debug */,
				6320F6BD19EA6AD500C701D4 /* Release */,
			);
			defaultConfigurationIsVisible = 0;
			defaultConfigurationName = Release;
		};
		6320F6BE19EA6AD500C701D4 /* Build configuration list for PBXNativeTarget "aldebaran" */ = {
			isa = XCConfigurationList;
			buildConfigurations = (
				6320F6BF19EA6AD500C701D4 /* Debug */,
				6320F6C019EA6AD500C701D4 /* Release */,
			);
			defaultConfigurationIsVisible = 0;
			defaultConfigurationName = Release;
		};
/* End XCConfigurationList section */
	};
	rootObject = 6320F6AF19EA6AD500C701D4 /* Project object */;
}
