// !$*UTF8*$!
{
	archiveVersion = 1;
	classes = {
	};
	objectVersion = 46;
	objects = {

/* Begin PBXBuildFile section */
		630F9C1D19F1040000DBF8C1 /* OpenGLES.framework in Frameworks */ = {isa = PBXBuildFile; fileRef = 630F9C1C19F1040000DBF8C1 /* OpenGLES.framework */; };
		630F9C2E19F1083B00DBF8C1 /* libbox2d.a in Frameworks */ = {isa = PBXBuildFile; fileRef = 630F9BC719F102F200DBF8C1 /* libbox2d.a */; };
		630F9C2F19F1083B00DBF8C1 /* liblua-ios.a in Frameworks */ = {isa = PBXBuildFile; fileRef = 630F9BD919F1031600DBF8C1 /* liblua-ios.a */; };
		630F9C3019F1083B00DBF8C1 /* libluacppinterface-ios.a in Frameworks */ = {isa = PBXBuildFile; fileRef = 630F9BD319F1030700DBF8C1 /* libluacppinterface-ios.a */; };
		630F9C3119F1083B00DBF8C1 /* libSDL2_image.a in Frameworks */ = {isa = PBXBuildFile; fileRef = 630F9BE619F1032D00DBF8C1 /* libSDL2_image.a */; };
		630F9C3319F1083B00DBF8C1 /* libSDL2_ttf.a in Frameworks */ = {isa = PBXBuildFile; fileRef = 630F9BF219F1035600DBF8C1 /* libSDL2_ttf.a */; };
		630F9C3419F1083B00DBF8C1 /* libSDL2.a in Frameworks */ = {isa = PBXBuildFile; fileRef = 630F9BE019F1032100DBF8C1 /* libSDL2.a */; };
		630F9C3B19F1087600DBF8C1 /* libSDL2_mixer.a in Frameworks */ = {isa = PBXBuildFile; fileRef = 630F9C3A19F1086600DBF8C1 /* libSDL2_mixer.a */; };
		630F9C3F19F10A0300DBF8C1 /* CoreAudio.framework in Frameworks */ = {isa = PBXBuildFile; fileRef = 630F9C3E19F10A0300DBF8C1 /* CoreAudio.framework */; };
		630F9C4119F10A3C00DBF8C1 /* CoreFoundation.framework in Frameworks */ = {isa = PBXBuildFile; fileRef = 630F9C4019F10A3C00DBF8C1 /* CoreFoundation.framework */; };
		630F9C4219F10A4800DBF8C1 /* AudioToolbox.framework in Frameworks */ = {isa = PBXBuildFile; fileRef = 630F9C1E19F1040600DBF8C1 /* AudioToolbox.framework */; };
		630F9C4519F10A6500DBF8C1 /* CoreGraphics.framework in Frameworks */ = {isa = PBXBuildFile; fileRef = 630F9C4419F10A6500DBF8C1 /* CoreGraphics.framework */; };
		630F9C4819F10A9A00DBF8C1 /* Foundation.framework in Frameworks */ = {isa = PBXBuildFile; fileRef = 630F9C1A19F103F600DBF8C1 /* Foundation.framework */; };
		630F9C4A19F10ABE00DBF8C1 /* UIKit.framework in Frameworks */ = {isa = PBXBuildFile; fileRef = 630F9C4919F10ABE00DBF8C1 /* UIKit.framework */; };
		630F9C4C19F10AE800DBF8C1 /* QuartzCore.framework in Frameworks */ = {isa = PBXBuildFile; fileRef = 630F9C4B19F10AE800DBF8C1 /* QuartzCore.framework */; };
		630F9C5119F10B8E00DBF8C1 /* ImageIO.framework in Frameworks */ = {isa = PBXBuildFile; fileRef = 630F9C5019F10B8E00DBF8C1 /* ImageIO.framework */; };
		630F9C5519F10BEA00DBF8C1 /* MobileCoreServices.framework in Frameworks */ = {isa = PBXBuildFile; fileRef = 630F9C5419F10BEA00DBF8C1 /* MobileCoreServices.framework */; };
		63F342C91AE5DFB900713620 /* inputmachine.cpp in Sources */ = {isa = PBXBuildFile; fileRef = 63F342AB1AE5DFB900713620 /* inputmachine.cpp */; };
		63F342CA1AE5DFB900713620 /* inputstate.cpp in Sources */ = {isa = PBXBuildFile; fileRef = 63F342AD1AE5DFB900713620 /* inputstate.cpp */; };
		63F342CB1AE5DFB900713620 /* main.cpp in Sources */ = {isa = PBXBuildFile; fileRef = 63F342B01AE5DFB900713620 /* main.cpp */; };
		63F342CC1AE5DFB900713620 /* notifier.cpp in Sources */ = {isa = PBXBuildFile; fileRef = 63F342B21AE5DFB900713620 /* notifier.cpp */; };
		63F342CD1AE5DFB900713620 /* primitives.cpp in Sources */ = {isa = PBXBuildFile; fileRef = 63F342B51AE5DFB900713620 /* primitives.cpp */; };
		63F342CE1AE5DFB900713620 /* printlog.cpp in Sources */ = {isa = PBXBuildFile; fileRef = 63F342B71AE5DFB900713620 /* printlog.cpp */; };
		63F342CF1AE5DFB900713620 /* utils.cpp in Sources */ = {isa = PBXBuildFile; fileRef = 63F342C41AE5DFB900713620 /* utils.cpp */; };
		63F342DB1AE5E29B00713620 /* defaultconfig.lua in Resources */ = {isa = PBXBuildFile; fileRef = 63F342D41AE5E29B00713620 /* defaultconfig.lua */; };
		63F342DC1AE5E29B00713620 /* fonts in Resources */ = {isa = PBXBuildFile; fileRef = 63F342D51AE5E29B00713620 /* fonts */; };
		63F342DD1AE5E29B00713620 /* images in Resources */ = {isa = PBXBuildFile; fileRef = 63F342D61AE5E29B00713620 /* images */; };
		63F342DE1AE5E29B00713620 /* manifest.lua in Resources */ = {isa = PBXBuildFile; fileRef = 63F342D71AE5E29B00713620 /* manifest.lua */; };
		63F342DF1AE5E29B00713620 /* pokemon.png in Resources */ = {isa = PBXBuildFile; fileRef = 63F342D81AE5E29B00713620 /* pokemon.png */; };
		63F342E01AE5E29B00713620 /* sprites in Resources */ = {isa = PBXBuildFile; fileRef = 63F342D91AE5E29B00713620 /* sprites */; };
		63F342E11AE5E29B00713620 /* tiles in Resources */ = {isa = PBXBuildFile; fileRef = 63F342DA1AE5E29B00713620 /* tiles */; };
/* End PBXBuildFile section */

/* Begin PBXContainerItemProxy section */
		630F9BC619F102F200DBF8C1 /* PBXContainerItemProxy */ = {
			isa = PBXContainerItemProxy;
			containerPortal = 630F9BC219F102F200DBF8C1 /* box2d.xcodeproj */;
			proxyType = 2;
			remoteGlobalIDString = 534D2BBC174728E20007CEA2;
			remoteInfo = box2d;
		};
		630F9BD219F1030700DBF8C1 /* PBXContainerItemProxy */ = {
			isa = PBXContainerItemProxy;
			containerPortal = 630F9BCE19F1030700DBF8C1 /* luacppinterface-ios.xcodeproj */;
			proxyType = 2;
			remoteGlobalIDString = 53BC02FE186949F200DF9E27;
			remoteInfo = "luacppinterface-ios";
		};
		630F9BD819F1031600DBF8C1 /* PBXContainerItemProxy */ = {
			isa = PBXContainerItemProxy;
			containerPortal = 630F9BD419F1031600DBF8C1 /* lua-ios.xcodeproj */;
			proxyType = 2;
			remoteGlobalIDString = 53BC03751869537700DF9E27;
			remoteInfo = "lua-ios";
		};
		630F9BDF19F1032100DBF8C1 /* PBXContainerItemProxy */ = {
			isa = PBXContainerItemProxy;
			containerPortal = 630F9BDA19F1032100DBF8C1 /* SDL.xcodeproj */;
			proxyType = 2;
			remoteGlobalIDString = FD6526630DE8FCCB002AD96B;
			remoteInfo = libSDL;
		};
		630F9BE519F1032D00DBF8C1 /* PBXContainerItemProxy */ = {
			isa = PBXContainerItemProxy;
			containerPortal = 630F9BE119F1032D00DBF8C1 /* SDL_image.xcodeproj */;
			proxyType = 2;
			remoteGlobalIDString = BE1FA74107AF4C45004B6283;
			remoteInfo = libSDL_image;
		};
		630F9BF119F1035600DBF8C1 /* PBXContainerItemProxy */ = {
			isa = PBXContainerItemProxy;
			containerPortal = 630F9BED19F1035600DBF8C1 /* SDL_ttf.xcodeproj */;
			proxyType = 2;
			remoteGlobalIDString = BE48FD6E07AFA17000BB41DA;
			remoteInfo = "Static Library";
		};
		630F9C3919F1086600DBF8C1 /* PBXContainerItemProxy */ = {
			isa = PBXContainerItemProxy;
			containerPortal = 630F9C3519F1086600DBF8C1 /* SDL_mixer.xcodeproj */;
			proxyType = 2;
			remoteGlobalIDString = BE1FA95407AF96B2004B6283;
			remoteInfo = "Static Library";
		};
/* End PBXContainerItemProxy section */

/* Begin PBXFileReference section */
		630F9B9919F1028200DBF8C1 /* aldebaran.app */ = {isa = PBXFileReference; explicitFileType = wrapper.application; includeInIndex = 0; path = aldebaran.app; sourceTree = BUILT_PRODUCTS_DIR; };
		630F9B9D19F1028200DBF8C1 /* Info.plist */ = {isa = PBXFileReference; lastKnownFileType = text.plist.xml; path = Info.plist; sourceTree = "<group>"; };
		630F9BC219F102F200DBF8C1 /* box2d.xcodeproj */ = {isa = PBXFileReference; lastKnownFileType = "wrapper.pb-project"; name = box2d.xcodeproj; path = ../jni/box2d/Build/xcode_ios/box2d.xcodeproj; sourceTree = "<group>"; };
		630F9BCE19F1030700DBF8C1 /* luacppinterface-ios.xcodeproj */ = {isa = PBXFileReference; lastKnownFileType = "wrapper.pb-project"; name = "luacppinterface-ios.xcodeproj"; path = "/Users/david/programs/aldebaran/jni/box2d/Build/xcode_ios/../../../luacppinterface/luacppinterface-ios.xcodeproj"; sourceTree = "<absolute>"; };
		630F9BD419F1031600DBF8C1 /* lua-ios.xcodeproj */ = {isa = PBXFileReference; lastKnownFileType = "wrapper.pb-project"; name = "lua-ios.xcodeproj"; path = "../jni/luacppinterface/lua/lua-ios.xcodeproj"; sourceTree = "<group>"; };
		630F9BDA19F1032100DBF8C1 /* SDL.xcodeproj */ = {isa = PBXFileReference; lastKnownFileType = "wrapper.pb-project"; name = SDL.xcodeproj; path = "../jni/SDL/Xcode-iOS/SDL/SDL.xcodeproj"; sourceTree = "<group>"; };
		630F9BE119F1032D00DBF8C1 /* SDL_image.xcodeproj */ = {isa = PBXFileReference; lastKnownFileType = "wrapper.pb-project"; name = SDL_image.xcodeproj; path = "../jni/SDL_image/Xcode-iOS/SDL_image.xcodeproj"; sourceTree = "<group>"; };
		630F9BED19F1035600DBF8C1 /* SDL_ttf.xcodeproj */ = {isa = PBXFileReference; lastKnownFileType = "wrapper.pb-project"; name = SDL_ttf.xcodeproj; path = "../jni/SDL_ttf/Xcode-iOS/SDL_ttf.xcodeproj"; sourceTree = "<group>"; };
		630F9C1A19F103F600DBF8C1 /* Foundation.framework */ = {isa = PBXFileReference; lastKnownFileType = wrapper.framework; name = Foundation.framework; path = System/Library/Frameworks/Foundation.framework; sourceTree = SDKROOT; };
		630F9C1C19F1040000DBF8C1 /* OpenGLES.framework */ = {isa = PBXFileReference; lastKnownFileType = wrapper.framework; name = OpenGLES.framework; path = System/Library/Frameworks/OpenGLES.framework; sourceTree = SDKROOT; };
		630F9C1E19F1040600DBF8C1 /* AudioToolbox.framework */ = {isa = PBXFileReference; lastKnownFileType = wrapper.framework; name = AudioToolbox.framework; path = System/Library/Frameworks/AudioToolbox.framework; sourceTree = SDKROOT; };
		630F9C2019F1040A00DBF8C1 /* AudioUnit.framework */ = {isa = PBXFileReference; lastKnownFileType = wrapper.framework; name = AudioUnit.framework; path = System/Library/Frameworks/AudioUnit.framework; sourceTree = SDKROOT; };
		630F9C3519F1086600DBF8C1 /* SDL_mixer.xcodeproj */ = {isa = PBXFileReference; lastKnownFileType = "wrapper.pb-project"; name = SDL_mixer.xcodeproj; path = "../jni/SDL_mixer/Xcode-iOS/SDL_mixer.xcodeproj"; sourceTree = "<group>"; };
		630F9C3E19F10A0300DBF8C1 /* CoreAudio.framework */ = {isa = PBXFileReference; lastKnownFileType = wrapper.framework; name = CoreAudio.framework; path = System/Library/Frameworks/CoreAudio.framework; sourceTree = SDKROOT; };
		630F9C4019F10A3C00DBF8C1 /* CoreFoundation.framework */ = {isa = PBXFileReference; lastKnownFileType = wrapper.framework; name = CoreFoundation.framework; path = System/Library/Frameworks/CoreFoundation.framework; sourceTree = SDKROOT; };
		630F9C4419F10A6500DBF8C1 /* CoreGraphics.framework */ = {isa = PBXFileReference; lastKnownFileType = wrapper.framework; name = CoreGraphics.framework; path = System/Library/Frameworks/CoreGraphics.framework; sourceTree = SDKROOT; };
		630F9C4619F10A6D00DBF8C1 /* CoreImage.framework */ = {isa = PBXFileReference; lastKnownFileType = wrapper.framework; name = CoreImage.framework; path = System/Library/Frameworks/CoreImage.framework; sourceTree = SDKROOT; };
		630F9C4919F10ABE00DBF8C1 /* UIKit.framework */ = {isa = PBXFileReference; lastKnownFileType = wrapper.framework; name = UIKit.framework; path = System/Library/Frameworks/UIKit.framework; sourceTree = SDKROOT; };
		630F9C4B19F10AE800DBF8C1 /* QuartzCore.framework */ = {isa = PBXFileReference; lastKnownFileType = wrapper.framework; name = QuartzCore.framework; path = System/Library/Frameworks/QuartzCore.framework; sourceTree = SDKROOT; };
		630F9C5019F10B8E00DBF8C1 /* ImageIO.framework */ = {isa = PBXFileReference; lastKnownFileType = wrapper.framework; name = ImageIO.framework; path = System/Library/Frameworks/ImageIO.framework; sourceTree = SDKROOT; };
		630F9C5219F10BD300DBF8C1 /* MessageUI.framework */ = {isa = PBXFileReference; lastKnownFileType = wrapper.framework; name = MessageUI.framework; path = System/Library/Frameworks/MessageUI.framework; sourceTree = SDKROOT; };
		630F9C5419F10BEA00DBF8C1 /* MobileCoreServices.framework */ = {isa = PBXFileReference; lastKnownFileType = wrapper.framework; name = MobileCoreServices.framework; path = System/Library/Frameworks/MobileCoreServices.framework; sourceTree = SDKROOT; };
		630F9C6419F4B68B00DBF8C1 /* GLKit.framework */ = {isa = PBXFileReference; lastKnownFileType = wrapper.framework; name = GLKit.framework; path = System/Library/Frameworks/GLKit.framework; sourceTree = SDKROOT; };
		63F342A91AE5DFB900713620 /* guiscene.hpp */ = {isa = PBXFileReference; fileEncoding = 4; lastKnownFileType = sourcecode.cpp.h; name = guiscene.hpp; path = ../../jni/src/guiscene.hpp; sourceTree = "<group>"; };
		63F342AA1AE5DFB900713620 /* imagedesc.hpp */ = {isa = PBXFileReference; fileEncoding = 4; lastKnownFileType = sourcecode.cpp.h; name = imagedesc.hpp; path = ../../jni/src/imagedesc.hpp; sourceTree = "<group>"; };
		63F342AB1AE5DFB900713620 /* inputmachine.cpp */ = {isa = PBXFileReference; fileEncoding = 4; lastKnownFileType = sourcecode.cpp.cpp; name = inputmachine.cpp; path = ../../jni/src/inputmachine.cpp; sourceTree = "<group>"; };
		63F342AC1AE5DFB900713620 /* inputmachine.hpp */ = {isa = PBXFileReference; fileEncoding = 4; lastKnownFileType = sourcecode.cpp.h; name = inputmachine.hpp; path = ../../jni/src/inputmachine.hpp; sourceTree = "<group>"; };
		63F342AD1AE5DFB900713620 /* inputstate.cpp */ = {isa = PBXFileReference; fileEncoding = 4; lastKnownFileType = sourcecode.cpp.cpp; name = inputstate.cpp; path = ../../jni/src/inputstate.cpp; sourceTree = "<group>"; };
		63F342AE1AE5DFB900713620 /* inputstate.hpp */ = {isa = PBXFileReference; fileEncoding = 4; lastKnownFileType = sourcecode.cpp.h; name = inputstate.hpp; path = ../../jni/src/inputstate.hpp; sourceTree = "<group>"; };
		63F342AF1AE5DFB900713620 /* listener_interface.hpp */ = {isa = PBXFileReference; fileEncoding = 4; lastKnownFileType = sourcecode.cpp.h; name = listener_interface.hpp; path = ../../jni/src/listener_interface.hpp; sourceTree = "<group>"; };
		63F342B01AE5DFB900713620 /* main.cpp */ = {isa = PBXFileReference; fileEncoding = 4; lastKnownFileType = sourcecode.cpp.cpp; name = main.cpp; path = ../../jni/src/main.cpp; sourceTree = "<group>"; };
		63F342B11AE5DFB900713620 /* manifestbasedresources.hpp */ = {isa = PBXFileReference; fileEncoding = 4; lastKnownFileType = sourcecode.cpp.h; name = manifestbasedresources.hpp; path = ../../jni/src/manifestbasedresources.hpp; sourceTree = "<group>"; };
		63F342B21AE5DFB900713620 /* notifier.cpp */ = {isa = PBXFileReference; fileEncoding = 4; lastKnownFileType = sourcecode.cpp.cpp; name = notifier.cpp; path = ../../jni/src/notifier.cpp; sourceTree = "<group>"; };
		63F342B31AE5DFB900713620 /* notifier.hpp */ = {isa = PBXFileReference; fileEncoding = 4; lastKnownFileType = sourcecode.cpp.h; name = notifier.hpp; path = ../../jni/src/notifier.hpp; sourceTree = "<group>"; };
		63F342B41AE5DFB900713620 /* opengl.hpp */ = {isa = PBXFileReference; fileEncoding = 4; lastKnownFileType = sourcecode.cpp.h; name = opengl.hpp; path = ../../jni/src/opengl.hpp; sourceTree = "<group>"; };
		63F342B51AE5DFB900713620 /* primitives.cpp */ = {isa = PBXFileReference; fileEncoding = 4; lastKnownFileType = sourcecode.cpp.cpp; name = primitives.cpp; path = ../../jni/src/primitives.cpp; sourceTree = "<group>"; };
		63F342B61AE5DFB900713620 /* primitives.hpp */ = {isa = PBXFileReference; fileEncoding = 4; lastKnownFileType = sourcecode.cpp.h; name = primitives.hpp; path = ../../jni/src/primitives.hpp; sourceTree = "<group>"; };
		63F342B71AE5DFB900713620 /* printlog.cpp */ = {isa = PBXFileReference; fileEncoding = 4; lastKnownFileType = sourcecode.cpp.cpp; name = printlog.cpp; path = ../../jni/src/printlog.cpp; sourceTree = "<group>"; };
		63F342B81AE5DFB900713620 /* printlog.hpp */ = {isa = PBXFileReference; fileEncoding = 4; lastKnownFileType = sourcecode.cpp.h; name = printlog.hpp; path = ../../jni/src/printlog.hpp; sourceTree = "<group>"; };
		63F342B91AE5DFB900713620 /* quadcollectionvbo.hpp */ = {isa = PBXFileReference; fileEncoding = 4; lastKnownFileType = sourcecode.cpp.h; name = quadcollectionvbo.hpp; path = ../../jni/src/quadcollectionvbo.hpp; sourceTree = "<group>"; };
		63F342BA1AE5DFB900713620 /* quadvbo.hpp */ = {isa = PBXFileReference; fileEncoding = 4; lastKnownFileType = sourcecode.cpp.h; name = quadvbo.hpp; path = ../../jni/src/quadvbo.hpp; sourceTree = "<group>"; };
		63F342BB1AE5DFB900713620 /* rectanglesvbo.hpp */ = {isa = PBXFileReference; fileEncoding = 4; lastKnownFileType = sourcecode.cpp.h; name = rectanglesvbo.hpp; path = ../../jni/src/rectanglesvbo.hpp; sourceTree = "<group>"; };
		63F342BC1AE5DFB900713620 /* rendercontext_interface.hpp */ = {isa = PBXFileReference; fileEncoding = 4; lastKnownFileType = sourcecode.cpp.h; name = rendercontext_interface.hpp; path = ../../jni/src/rendercontext_interface.hpp; sourceTree = "<group>"; };
		63F342BD1AE5DFB900713620 /* resource_interface.hpp */ = {isa = PBXFileReference; fileEncoding = 4; lastKnownFileType = sourcecode.cpp.h; name = resource_interface.hpp; path = ../../jni/src/resource_interface.hpp; sourceTree = "<group>"; };
		63F342BE1AE5DFB900713620 /* scene_interface.hpp */ = {isa = PBXFileReference; fileEncoding = 4; lastKnownFileType = sourcecode.cpp.h; name = scene_interface.hpp; path = ../../jni/src/scene_interface.hpp; sourceTree = "<group>"; };
		63F342BF1AE5DFB900713620 /* shader_interface.hpp */ = {isa = PBXFileReference; fileEncoding = 4; lastKnownFileType = sourcecode.cpp.h; name = shader_interface.hpp; path = ../../jni/src/shader_interface.hpp; sourceTree = "<group>"; };
		63F342C01AE5DFB900713620 /* spritedesc.hpp */ = {isa = PBXFileReference; fileEncoding = 4; lastKnownFileType = sourcecode.cpp.h; name = spritedesc.hpp; path = ../../jni/src/spritedesc.hpp; sourceTree = "<group>"; };
		63F342C11AE5DFB900713620 /* texture_interface.hpp */ = {isa = PBXFileReference; fileEncoding = 4; lastKnownFileType = sourcecode.cpp.h; name = texture_interface.hpp; path = ../../jni/src/texture_interface.hpp; sourceTree = "<group>"; };
		63F342C21AE5DFB900713620 /* trianglevbo.hpp */ = {isa = PBXFileReference; fileEncoding = 4; lastKnownFileType = sourcecode.cpp.h; name = trianglevbo.hpp; path = ../../jni/src/trianglevbo.hpp; sourceTree = "<group>"; };
		63F342C31AE5DFB900713620 /* ttffontdesc.hpp */ = {isa = PBXFileReference; fileEncoding = 4; lastKnownFileType = sourcecode.cpp.h; name = ttffontdesc.hpp; path = ../../jni/src/ttffontdesc.hpp; sourceTree = "<group>"; };
		63F342C41AE5DFB900713620 /* utils.cpp */ = {isa = PBXFileReference; fileEncoding = 4; lastKnownFileType = sourcecode.cpp.cpp; name = utils.cpp; path = ../../jni/src/utils.cpp; sourceTree = "<group>"; };
		63F342C51AE5DFB900713620 /* utils.hpp */ = {isa = PBXFileReference; fileEncoding = 4; lastKnownFileType = sourcecode.cpp.h; name = utils.hpp; path = ../../jni/src/utils.hpp; sourceTree = "<group>"; };
		63F342C61AE5DFB900713620 /* vbo_interface.hpp */ = {isa = PBXFileReference; fileEncoding = 4; lastKnownFileType = sourcecode.cpp.h; name = vbo_interface.hpp; path = ../../jni/src/vbo_interface.hpp; sourceTree = "<group>"; };
		63F342C71AE5DFB900713620 /* vboscene.hpp */ = {isa = PBXFileReference; fileEncoding = 4; lastKnownFileType = sourcecode.cpp.h; name = vboscene.hpp; path = ../../jni/src/vboscene.hpp; sourceTree = "<group>"; };
		63F342C81AE5DFB900713620 /* viewscene.hpp */ = {isa = PBXFileReference; fileEncoding = 4; lastKnownFileType = sourcecode.cpp.h; name = viewscene.hpp; path = ../../jni/src/viewscene.hpp; sourceTree = "<group>"; };
		63F342D41AE5E29B00713620 /* defaultconfig.lua */ = {isa = PBXFileReference; fileEncoding = 4; lastKnownFileType = text; name = defaultconfig.lua; path = ../../assets/defaultconfig.lua; sourceTree = "<group>"; };
		63F342D51AE5E29B00713620 /* fonts */ = {isa = PBXFileReference; lastKnownFileType = folder; name = fonts; path = ../../assets/fonts; sourceTree = "<group>"; };
		63F342D61AE5E29B00713620 /* images */ = {isa = PBXFileReference; lastKnownFileType = folder; name = images; path = ../../assets/images; sourceTree = "<group>"; };
		63F342D71AE5E29B00713620 /* manifest.lua */ = {isa = PBXFileReference; fileEncoding = 4; lastKnownFileType = text; name = manifest.lua; path = ../../assets/manifest.lua; sourceTree = "<group>"; };
		63F342D81AE5E29B00713620 /* pokemon.png */ = {isa = PBXFileReference; lastKnownFileType = image.png; name = pokemon.png; path = ../../assets/pokemon.png; sourceTree = "<group>"; };
		63F342D91AE5E29B00713620 /* sprites */ = {isa = PBXFileReference; lastKnownFileType = folder; name = sprites; path = ../../assets/sprites; sourceTree = "<group>"; };
		63F342DA1AE5E29B00713620 /* tiles */ = {isa = PBXFileReference; lastKnownFileType = folder; name = tiles; path = ../../assets/tiles; sourceTree = "<group>"; };
		63F342E21AE74D1C00713620 /* twodarray.hpp */ = {isa = PBXFileReference; lastKnownFileType = sourcecode.cpp.h; name = twodarray.hpp; path = ../../jni/src/twodarray.hpp; sourceTree = "<group>"; };
/* End PBXFileReference section */

/* Begin PBXFrameworksBuildPhase section */
		630F9B9619F1028200DBF8C1 /* Frameworks */ = {
			isa = PBXFrameworksBuildPhase;
			buildActionMask = 2147483647;
			files = (
				630F9C5519F10BEA00DBF8C1 /* MobileCoreServices.framework in Frameworks */,
				630F9C5119F10B8E00DBF8C1 /* ImageIO.framework in Frameworks */,
				630F9C4519F10A6500DBF8C1 /* CoreGraphics.framework in Frameworks */,
				630F9C4C19F10AE800DBF8C1 /* QuartzCore.framework in Frameworks */,
				630F9C4A19F10ABE00DBF8C1 /* UIKit.framework in Frameworks */,
				630F9C4819F10A9A00DBF8C1 /* Foundation.framework in Frameworks */,
				630F9C4219F10A4800DBF8C1 /* AudioToolbox.framework in Frameworks */,
				630F9C4119F10A3C00DBF8C1 /* CoreFoundation.framework in Frameworks */,
				630F9C3F19F10A0300DBF8C1 /* CoreAudio.framework in Frameworks */,
				630F9C3B19F1087600DBF8C1 /* libSDL2_mixer.a in Frameworks */,
				630F9C2E19F1083B00DBF8C1 /* libbox2d.a in Frameworks */,
				630F9C2F19F1083B00DBF8C1 /* liblua-ios.a in Frameworks */,
				630F9C3019F1083B00DBF8C1 /* libluacppinterface-ios.a in Frameworks */,
				630F9C3119F1083B00DBF8C1 /* libSDL2_image.a in Frameworks */,
				630F9C3319F1083B00DBF8C1 /* libSDL2_ttf.a in Frameworks */,
				630F9C3419F1083B00DBF8C1 /* libSDL2.a in Frameworks */,
				630F9C1D19F1040000DBF8C1 /* OpenGLES.framework in Frameworks */,
			);
			runOnlyForDeploymentPostprocessing = 0;
		};
/* End PBXFrameworksBuildPhase section */

/* Begin PBXGroup section */
		630F9B9019F1028200DBF8C1 = {
			isa = PBXGroup;
			children = (
				630F9C5619F10CA400DBF8C1 /* Frameworks */,
				630F9B9B19F1028200DBF8C1 /* aldebaran */,
				630F9B9A19F1028200DBF8C1 /* Products */,
				630F9C3519F1086600DBF8C1 /* SDL_mixer.xcodeproj */,
				630F9BED19F1035600DBF8C1 /* SDL_ttf.xcodeproj */,
				630F9BE119F1032D00DBF8C1 /* SDL_image.xcodeproj */,
				630F9BDA19F1032100DBF8C1 /* SDL.xcodeproj */,
				630F9BD419F1031600DBF8C1 /* lua-ios.xcodeproj */,
				630F9BCE19F1030700DBF8C1 /* luacppinterface-ios.xcodeproj */,
				630F9BC219F102F200DBF8C1 /* box2d.xcodeproj */,
			);
			sourceTree = "<group>";
		};
		630F9B9A19F1028200DBF8C1 /* Products */ = {
			isa = PBXGroup;
			children = (
				630F9B9919F1028200DBF8C1 /* aldebaran.app */,
			);
			name = Products;
			sourceTree = "<group>";
		};
		630F9B9B19F1028200DBF8C1 /* aldebaran */ = {
			isa = PBXGroup;
			children = (
				63F342A91AE5DFB900713620 /* guiscene.hpp */,
				63F342AA1AE5DFB900713620 /* imagedesc.hpp */,
				63F342AB1AE5DFB900713620 /* inputmachine.cpp */,
				63F342AC1AE5DFB900713620 /* inputmachine.hpp */,
				63F342AD1AE5DFB900713620 /* inputstate.cpp */,
				63F342AE1AE5DFB900713620 /* inputstate.hpp */,
				63F342AF1AE5DFB900713620 /* listener_interface.hpp */,
				63F342B01AE5DFB900713620 /* main.cpp */,
				63F342B11AE5DFB900713620 /* manifestbasedresources.hpp */,
				63F342B21AE5DFB900713620 /* notifier.cpp */,
				63F342B31AE5DFB900713620 /* notifier.hpp */,
				63F342B41AE5DFB900713620 /* opengl.hpp */,
				63F342B51AE5DFB900713620 /* primitives.cpp */,
				63F342B61AE5DFB900713620 /* primitives.hpp */,
				63F342B71AE5DFB900713620 /* printlog.cpp */,
				63F342B81AE5DFB900713620 /* printlog.hpp */,
				63F342B91AE5DFB900713620 /* quadcollectionvbo.hpp */,
				63F342BA1AE5DFB900713620 /* quadvbo.hpp */,
				63F342BB1AE5DFB900713620 /* rectanglesvbo.hpp */,
				63F342BC1AE5DFB900713620 /* rendercontext_interface.hpp */,
				63F342BD1AE5DFB900713620 /* resource_interface.hpp */,
				63F342BE1AE5DFB900713620 /* scene_interface.hpp */,
				63F342BF1AE5DFB900713620 /* shader_interface.hpp */,
				63F342C01AE5DFB900713620 /* spritedesc.hpp */,
				63F342C11AE5DFB900713620 /* texture_interface.hpp */,
				63F342C21AE5DFB900713620 /* trianglevbo.hpp */,
				63F342C31AE5DFB900713620 /* ttffontdesc.hpp */,
				63F342C41AE5DFB900713620 /* utils.cpp */,
				63F342C51AE5DFB900713620 /* utils.hpp */,
				63F342C61AE5DFB900713620 /* vbo_interface.hpp */,
				63F342C71AE5DFB900713620 /* vboscene.hpp */,
				63F342C81AE5DFB900713620 /* viewscene.hpp */,
				63F342E21AE74D1C00713620 /* twodarray.hpp */,
				630F9B9C19F1028200DBF8C1 /* Supporting Files */,
			);
			path = aldebaran;
			sourceTree = "<group>";
		};
		630F9B9C19F1028200DBF8C1 /* Supporting Files */ = {
			isa = PBXGroup;
			children = (
				63F342D31AE5E28D00713620 /* assets */,
				630F9B9D19F1028200DBF8C1 /* Info.plist */,
			);
			name = "Supporting Files";
			sourceTree = "<group>";
		};
		630F9BC319F102F200DBF8C1 /* Products */ = {
			isa = PBXGroup;
			children = (
				630F9BC719F102F200DBF8C1 /* libbox2d.a */,
			);
			name = Products;
			sourceTree = "<group>";
		};
		630F9BCF19F1030700DBF8C1 /* Products */ = {
			isa = PBXGroup;
			children = (
				630F9BD319F1030700DBF8C1 /* libluacppinterface-ios.a */,
			);
			name = Products;
			sourceTree = "<group>";
		};
		630F9BD519F1031600DBF8C1 /* Products */ = {
			isa = PBXGroup;
			children = (
				630F9BD919F1031600DBF8C1 /* liblua-ios.a */,
			);
			name = Products;
			sourceTree = "<group>";
		};
		630F9BDB19F1032100DBF8C1 /* Products */ = {
			isa = PBXGroup;
			children = (
				630F9BE019F1032100DBF8C1 /* libSDL2.a */,
			);
			name = Products;
			sourceTree = "<group>";
		};
		630F9BE219F1032D00DBF8C1 /* Products */ = {
			isa = PBXGroup;
			children = (
				630F9BE619F1032D00DBF8C1 /* libSDL2_image.a */,
			);
			name = Products;
			sourceTree = "<group>";
		};
		630F9BEE19F1035600DBF8C1 /* Products */ = {
			isa = PBXGroup;
			children = (
				630F9BF219F1035600DBF8C1 /* libSDL2_ttf.a */,
			);
			name = Products;
			sourceTree = "<group>";
		};
		630F9C3619F1086600DBF8C1 /* Products */ = {
			isa = PBXGroup;
			children = (
				630F9C3A19F1086600DBF8C1 /* libSDL2_mixer.a */,
			);
			name = Products;
			sourceTree = "<group>";
		};
		630F9C5619F10CA400DBF8C1 /* Frameworks */ = {
			isa = PBXGroup;
			children = (
				630F9C6419F4B68B00DBF8C1 /* GLKit.framework */,
				630F9C5419F10BEA00DBF8C1 /* MobileCoreServices.framework */,
				630F9C5219F10BD300DBF8C1 /* MessageUI.framework */,
				630F9C5019F10B8E00DBF8C1 /* ImageIO.framework */,
				630F9C4B19F10AE800DBF8C1 /* QuartzCore.framework */,
				630F9C4919F10ABE00DBF8C1 /* UIKit.framework */,
				630F9C4619F10A6D00DBF8C1 /* CoreImage.framework */,
				630F9C4419F10A6500DBF8C1 /* CoreGraphics.framework */,
				630F9C4019F10A3C00DBF8C1 /* CoreFoundation.framework */,
				630F9C3E19F10A0300DBF8C1 /* CoreAudio.framework */,
				630F9C2019F1040A00DBF8C1 /* AudioUnit.framework */,
				630F9C1E19F1040600DBF8C1 /* AudioToolbox.framework */,
				630F9C1C19F1040000DBF8C1 /* OpenGLES.framework */,
				630F9C1A19F103F600DBF8C1 /* Foundation.framework */,
			);
			name = Frameworks;
			sourceTree = "<group>";
		};
		63F342D31AE5E28D00713620 /* assets */ = {
			isa = PBXGroup;
			children = (
				63F342D41AE5E29B00713620 /* defaultconfig.lua */,
				63F342D51AE5E29B00713620 /* fonts */,
				63F342D61AE5E29B00713620 /* images */,
				63F342D71AE5E29B00713620 /* manifest.lua */,
				63F342D81AE5E29B00713620 /* pokemon.png */,
				63F342D91AE5E29B00713620 /* sprites */,
				63F342DA1AE5E29B00713620 /* tiles */,
			);
			name = assets;
			sourceTree = "<group>";
		};
/* End PBXGroup section */

/* Begin PBXNativeTarget section */
		630F9B9819F1028200DBF8C1 /* aldebaran */ = {
			isa = PBXNativeTarget;
			buildConfigurationList = 630F9BBC19F1028200DBF8C1 /* Build configuration list for PBXNativeTarget "aldebaran" */;
			buildPhases = (
				630F9B9519F1028200DBF8C1 /* Sources */,
				630F9B9619F1028200DBF8C1 /* Frameworks */,
				630F9B9719F1028200DBF8C1 /* Resources */,
			);
			buildRules = (
			);
			dependencies = (
			);
			name = aldebaran;
			productName = aldebaran;
			productReference = 630F9B9919F1028200DBF8C1 /* aldebaran.app */;
			productType = "com.apple.product-type.application";
		};
/* End PBXNativeTarget section */

/* Begin PBXProject section */
		630F9B9119F1028200DBF8C1 /* Project object */ = {
			isa = PBXProject;
			attributes = {
				LastUpgradeCheck = 0600;
				ORGANIZATIONNAME = "David Siaw";
				TargetAttributes = {
					630F9B9819F1028200DBF8C1 = {
						CreatedOnToolsVersion = 6.0.1;
						DevelopmentTeam = 6L7ACGCXYR;
					};
				};
			};
			buildConfigurationList = 630F9B9419F1028200DBF8C1 /* Build configuration list for PBXProject "aldebaran" */;
			compatibilityVersion = "Xcode 3.2";
			developmentRegion = English;
			hasScannedForEncodings = 0;
			knownRegions = (
				en,
				Base,
			);
			mainGroup = 630F9B9019F1028200DBF8C1;
			productRefGroup = 630F9B9A19F1028200DBF8C1 /* Products */;
			projectDirPath = "";
			projectReferences = (
				{
					ProductGroup = 630F9BC319F102F200DBF8C1 /* Products */;
					ProjectRef = 630F9BC219F102F200DBF8C1 /* box2d.xcodeproj */;
				},
				{
					ProductGroup = 630F9BD519F1031600DBF8C1 /* Products */;
					ProjectRef = 630F9BD419F1031600DBF8C1 /* lua-ios.xcodeproj */;
				},
				{
					ProductGroup = 630F9BCF19F1030700DBF8C1 /* Products */;
					ProjectRef = 630F9BCE19F1030700DBF8C1 /* luacppinterface-ios.xcodeproj */;
				},
				{
					ProductGroup = 630F9BDB19F1032100DBF8C1 /* Products */;
					ProjectRef = 630F9BDA19F1032100DBF8C1 /* SDL.xcodeproj */;
				},
				{
					ProductGroup = 630F9BE219F1032D00DBF8C1 /* Products */;
					ProjectRef = 630F9BE119F1032D00DBF8C1 /* SDL_image.xcodeproj */;
				},
				{
					ProductGroup = 630F9C3619F1086600DBF8C1 /* Products */;
					ProjectRef = 630F9C3519F1086600DBF8C1 /* SDL_mixer.xcodeproj */;
				},
				{
					ProductGroup = 630F9BEE19F1035600DBF8C1 /* Products */;
					ProjectRef = 630F9BED19F1035600DBF8C1 /* SDL_ttf.xcodeproj */;
				},
			);
			projectRoot = "";
			targets = (
				630F9B9819F1028200DBF8C1 /* aldebaran */,
			);
		};
/* End PBXProject section */

/* Begin PBXReferenceProxy section */
		630F9BC719F102F200DBF8C1 /* libbox2d.a */ = {
			isa = PBXReferenceProxy;
			fileType = archive.ar;
			path = libbox2d.a;
			remoteRef = 630F9BC619F102F200DBF8C1 /* PBXContainerItemProxy */;
			sourceTree = BUILT_PRODUCTS_DIR;
		};
		630F9BD319F1030700DBF8C1 /* libluacppinterface-ios.a */ = {
			isa = PBXReferenceProxy;
			fileType = archive.ar;
			path = "libluacppinterface-ios.a";
			remoteRef = 630F9BD219F1030700DBF8C1 /* PBXContainerItemProxy */;
			sourceTree = BUILT_PRODUCTS_DIR;
		};
		630F9BD919F1031600DBF8C1 /* liblua-ios.a */ = {
			isa = PBXReferenceProxy;
			fileType = archive.ar;
			path = "liblua-ios.a";
			remoteRef = 630F9BD819F1031600DBF8C1 /* PBXContainerItemProxy */;
			sourceTree = BUILT_PRODUCTS_DIR;
		};
		630F9BE019F1032100DBF8C1 /* libSDL2.a */ = {
			isa = PBXReferenceProxy;
			fileType = archive.ar;
			path = libSDL2.a;
			remoteRef = 630F9BDF19F1032100DBF8C1 /* PBXContainerItemProxy */;
			sourceTree = BUILT_PRODUCTS_DIR;
		};
		630F9BE619F1032D00DBF8C1 /* libSDL2_image.a */ = {
			isa = PBXReferenceProxy;
			fileType = archive.ar;
			path = libSDL2_image.a;
			remoteRef = 630F9BE519F1032D00DBF8C1 /* PBXContainerItemProxy */;
			sourceTree = BUILT_PRODUCTS_DIR;
		};
		630F9BF219F1035600DBF8C1 /* libSDL2_ttf.a */ = {
			isa = PBXReferenceProxy;
			fileType = archive.ar;
			path = libSDL2_ttf.a;
			remoteRef = 630F9BF119F1035600DBF8C1 /* PBXContainerItemProxy */;
			sourceTree = BUILT_PRODUCTS_DIR;
		};
		630F9C3A19F1086600DBF8C1 /* libSDL2_mixer.a */ = {
			isa = PBXReferenceProxy;
			fileType = archive.ar;
			path = libSDL2_mixer.a;
			remoteRef = 630F9C3919F1086600DBF8C1 /* PBXContainerItemProxy */;
			sourceTree = BUILT_PRODUCTS_DIR;
		};
/* End PBXReferenceProxy section */

/* Begin PBXResourcesBuildPhase section */
		630F9B9719F1028200DBF8C1 /* Resources */ = {
			isa = PBXResourcesBuildPhase;
			buildActionMask = 2147483647;
			files = (
				63F342DD1AE5E29B00713620 /* images in Resources */,
				63F342DB1AE5E29B00713620 /* defaultconfig.lua in Resources */,
				63F342DF1AE5E29B00713620 /* pokemon.png in Resources */,
				63F342E11AE5E29B00713620 /* tiles in Resources */,
				63F342E01AE5E29B00713620 /* sprites in Resources */,
				63F342DC1AE5E29B00713620 /* fonts in Resources */,
				63F342DE1AE5E29B00713620 /* manifest.lua in Resources */,
			);
			runOnlyForDeploymentPostprocessing = 0;
		};
/* End PBXResourcesBuildPhase section */

/* Begin PBXSourcesBuildPhase section */
		630F9B9519F1028200DBF8C1 /* Sources */ = {
			isa = PBXSourcesBuildPhase;
			buildActionMask = 2147483647;
			files = (
				63F342CA1AE5DFB900713620 /* inputstate.cpp in Sources */,
				63F342CC1AE5DFB900713620 /* notifier.cpp in Sources */,
				63F342CD1AE5DFB900713620 /* primitives.cpp in Sources */,
				63F342C91AE5DFB900713620 /* inputmachine.cpp in Sources */,
				63F342CE1AE5DFB900713620 /* printlog.cpp in Sources */,
				63F342CB1AE5DFB900713620 /* main.cpp in Sources */,
				63F342CF1AE5DFB900713620 /* utils.cpp in Sources */,
			);
			runOnlyForDeploymentPostprocessing = 0;
		};
/* End PBXSourcesBuildPhase section */

/* Begin XCBuildConfiguration section */
		630F9BBA19F1028200DBF8C1 /* Debug */ = {
			isa = XCBuildConfiguration;
			buildSettings = {
				ALWAYS_SEARCH_USER_PATHS = NO;
				CLANG_CXX_LANGUAGE_STANDARD = "gnu++0x";
				CLANG_CXX_LIBRARY = "libc++";
				CLANG_ENABLE_MODULES = YES;
				CLANG_ENABLE_OBJC_ARC = YES;
				CLANG_WARN_BOOL_CONVERSION = YES;
				CLANG_WARN_CONSTANT_CONVERSION = YES;
				CLANG_WARN_DIRECT_OBJC_ISA_USAGE = YES_ERROR;
				CLANG_WARN_EMPTY_BODY = YES;
				CLANG_WARN_ENUM_CONVERSION = YES;
				CLANG_WARN_INT_CONVERSION = YES;
				CLANG_WARN_OBJC_ROOT_CLASS = YES_ERROR;
				CLANG_WARN_UNREACHABLE_CODE = YES;
				CLANG_WARN__DUPLICATE_METHOD_MATCH = YES;
				"CODE_SIGN_IDENTITY[sdk=iphoneos*]" = "iPhone Developer";
				COPY_PHASE_STRIP = NO;
				ENABLE_STRICT_OBJC_MSGSEND = YES;
				GCC_C_LANGUAGE_STANDARD = gnu99;
				GCC_DYNAMIC_NO_PIC = NO;
				GCC_OPTIMIZATION_LEVEL = 0;
				GCC_PREPROCESSOR_DEFINITIONS = (
					"DEBUG=1",
					"$(inherited)",
				);
				GCC_SYMBOLS_PRIVATE_EXTERN = NO;
				GCC_WARN_64_TO_32_BIT_CONVERSION = YES;
				GCC_WARN_ABOUT_RETURN_TYPE = YES_ERROR;
				GCC_WARN_UNDECLARED_SELECTOR = YES;
				GCC_WARN_UNINITIALIZED_AUTOS = YES_AGGRESSIVE;
				GCC_WARN_UNUSED_FUNCTION = YES;
				GCC_WARN_UNUSED_VARIABLE = YES;
				IPHONEOS_DEPLOYMENT_TARGET = 8.0;
				MTL_ENABLE_DEBUG_INFO = YES;
				ONLY_ACTIVE_ARCH = YES;
				SDKROOT = iphoneos;
			};
			name = Debug;
		};
		630F9BBB19F1028200DBF8C1 /* Release */ = {
			isa = XCBuildConfiguration;
			buildSettings = {
				ALWAYS_SEARCH_USER_PATHS = NO;
				CLANG_CXX_LANGUAGE_STANDARD = "gnu++0x";
				CLANG_CXX_LIBRARY = "libc++";
				CLANG_ENABLE_MODULES = YES;
				CLANG_ENABLE_OBJC_ARC = YES;
				CLANG_WARN_BOOL_CONVERSION = YES;
				CLANG_WARN_CONSTANT_CONVERSION = YES;
				CLANG_WARN_DIRECT_OBJC_ISA_USAGE = YES_ERROR;
				CLANG_WARN_EMPTY_BODY = YES;
				CLANG_WARN_ENUM_CONVERSION = YES;
				CLANG_WARN_INT_CONVERSION = YES;
				CLANG_WARN_OBJC_ROOT_CLASS = YES_ERROR;
				CLANG_WARN_UNREACHABLE_CODE = YES;
				CLANG_WARN__DUPLICATE_METHOD_MATCH = YES;
				"CODE_SIGN_IDENTITY[sdk=iphoneos*]" = "iPhone Developer";
				COPY_PHASE_STRIP = YES;
				ENABLE_NS_ASSERTIONS = NO;
				ENABLE_STRICT_OBJC_MSGSEND = YES;
				GCC_C_LANGUAGE_STANDARD = gnu99;
				GCC_WARN_64_TO_32_BIT_CONVERSION = YES;
				GCC_WARN_ABOUT_RETURN_TYPE = YES_ERROR;
				GCC_WARN_UNDECLARED_SELECTOR = YES;
				GCC_WARN_UNINITIALIZED_AUTOS = YES_AGGRESSIVE;
				GCC_WARN_UNUSED_FUNCTION = YES;
				GCC_WARN_UNUSED_VARIABLE = YES;
				IPHONEOS_DEPLOYMENT_TARGET = 8.0;
				MTL_ENABLE_DEBUG_INFO = NO;
				SDKROOT = iphoneos;
				VALIDATE_PRODUCT = YES;
			};
			name = Release;
		};
		630F9BBD19F1028200DBF8C1 /* Debug */ = {
			isa = XCBuildConfiguration;
			buildSettings = {
				ASSETCATALOG_COMPILER_APPICON_NAME = AppIcon;
				CODE_SIGN_IDENTITY = "iPhone Developer";
				"CODE_SIGN_IDENTITY[sdk=iphoneos*]" = "iPhone Developer";
				HEADER_SEARCH_PATHS = (
					"$(inherited)",
					/Applications/Xcode.app/Contents/Developer/Toolchains/XcodeDefault.xctoolchain/usr/include,
					"$(PROJECT_DIR)/../jni/SDL_mixer",
					"$(PROJECT_DIR)/../jni/SDL_image",
					"$(PROJECT_DIR)/../jni/boost/",
					"$(PROJECT_DIR)/../jni/SDL/include",
					"$(PROJECT_DIR)/../jni/SDL_ttf",
					"$(PROJECT_DIR)/../jni/luacppinterface/LuaCppInterface",
					"$(PROJECT_DIR)/../jni/luacppinterface/lua/src",
					"$(PROJECT_DIR)/../jni/box2d",
					"$(PROJECT_DIR)/../jni/glm",
				);
				INFOPLIST_FILE = aldebaran/Info.plist;
				IPHONEOS_DEPLOYMENT_TARGET = 6.0;
				LD_RUNPATH_SEARCH_PATHS = "$(inherited) @executable_path/Frameworks";
				PRODUCT_NAME = "$(TARGET_NAME)";
				PROVISIONING_PROFILE = "";
				TARGETED_DEVICE_FAMILY = "1,2";
			};
			name = Debug;
		};
		630F9BBE19F1028200DBF8C1 /* Release */ = {
			isa = XCBuildConfiguration;
			buildSettings = {
				ASSETCATALOG_COMPILER_APPICON_NAME = AppIcon;
				CODE_SIGN_IDENTITY = "iPhone Developer";
				"CODE_SIGN_IDENTITY[sdk=iphoneos*]" = "iPhone Developer";
				HEADER_SEARCH_PATHS = (
					"$(inherited)",
					/Applications/Xcode.app/Contents/Developer/Toolchains/XcodeDefault.xctoolchain/usr/include,
					"$(PROJECT_DIR)/../jni/SDL_mixer",
					"$(PROJECT_DIR)/../jni/SDL_image",
					"$(PROJECT_DIR)/../jni/boost/",
					"$(PROJECT_DIR)/../jni/SDL/include",
					"$(PROJECT_DIR)/../jni/SDL_ttf",
					"$(PROJECT_DIR)/../jni/luacppinterface/LuaCppInterface",
					"$(PROJECT_DIR)/../jni/luacppinterface/lua/src",
					"$(PROJECT_DIR)/../jni/box2d",
					"$(PROJECT_DIR)/../jni/glm",
				);
				INFOPLIST_FILE = aldebaran/Info.plist;
				IPHONEOS_DEPLOYMENT_TARGET = 6.0;
				LD_RUNPATH_SEARCH_PATHS = "$(inherited) @executable_path/Frameworks";
				PRODUCT_NAME = "$(TARGET_NAME)";
				PROVISIONING_PROFILE = "";
				TARGETED_DEVICE_FAMILY = "1,2";
			};
			name = Release;
		};
/* End XCBuildConfiguration section */

/* Begin XCConfigurationList section */
		630F9B9419F1028200DBF8C1 /* Build configuration list for PBXProject "aldebaran" */ = {
			isa = XCConfigurationList;
			buildConfigurations = (
				630F9BBA19F1028200DBF8C1 /* Debug */,
				630F9BBB19F1028200DBF8C1 /* Release */,
			);
			defaultConfigurationIsVisible = 0;
			defaultConfigurationName = Release;
		};
		630F9BBC19F1028200DBF8C1 /* Build configuration list for PBXNativeTarget "aldebaran" */ = {
			isa = XCConfigurationList;
			buildConfigurations = (
				630F9BBD19F1028200DBF8C1 /* Debug */,
				630F9BBE19F1028200DBF8C1 /* Release */,
			);
			defaultConfigurationIsVisible = 0;
			defaultConfigurationName = Release;
		};
/* End XCConfigurationList section */
	};
	rootObject = 630F9B9119F1028200DBF8C1 /* Project object */;
}
