<?xml version="1.0" encoding="utf-8"?>
<Project ToolsVersion="4.0" xmlns="http://schemas.microsoft.com/developer/msbuild/2003">
  <ItemGroup>
    <Filter Include="Source Files">
      <UniqueIdentifier>{4FC737F1-C7A5-4376-A066-2A32D752A2FF}</UniqueIdentifier>
      <Extensions>cpp;c;cc;cxx;def;odl;idl;hpj;bat;asm;asmx</Extensions>
    </Filter>
    <Filter Include="Header Files">
      <UniqueIdentifier>{93995380-89BD-4b04-88EB-625FBE52EBFB}</UniqueIdentifier>
      <Extensions>h;hpp;hxx;hm;inl;inc;xsd</Extensions>
    </Filter>
    <Filter Include="Resource Files">
      <UniqueIdentifier>{67DA6AB6-F800-4c08-8B7A-83BB121AAD01}</UniqueIdentifier>
      <Extensions>rc;ico;cur;bmp;dlg;rc2;rct;bin;rgs;gif;jpg;jpeg;jpe;resx;tiff;tif;png;wav;mfcribbon-ms</Extensions>
    </Filter>
    <Filter Include="Source Files\scenes">
      <UniqueIdentifier>{41ba411a-941d-4cf2-97ca-fddf8343ba44}</UniqueIdentifier>
    </Filter>
    <Filter Include="Source Files\scenes\touchscreenkeyscene">
      <UniqueIdentifier>{f94b4efc-1ed2-439c-a5ee-1056a2cd1ee0}</UniqueIdentifier>
    </Filter>
    <Filter Include="Source Files\scenes\visualnovelscene">
      <UniqueIdentifier>{95f3ded6-faea-4ef7-add8-886a4cde60ce}</UniqueIdentifier>
    </Filter>
    <Filter Include="Source Files\scenes\effectscenes">
      <UniqueIdentifier>{8c136e24-b9c8-4167-85d9-cf3fc3ff5d05}</UniqueIdentifier>
    </Filter>
  </ItemGroup>
  <ItemGroup>
    <ClInclude Include="..\jni\src\printlog.hpp">
      <Filter>Source Files</Filter>
    </ClInclude>
    <ClInclude Include="..\jni\src\inputstate.hpp">
      <Filter>Source Files</Filter>
    </ClInclude>
    <ClInclude Include="..\jni\src\scene_interface.hpp">
      <Filter>Source Files\scenes</Filter>
    </ClInclude>
    <ClInclude Include="utils.hpp">
      <Filter>Source Files</Filter>
    </ClInclude>
    <ClInclude Include="..\jni\src\inputmachine.hpp">
      <Filter>Source Files</Filter>
    </ClInclude>
    <ClInclude Include="..\jni\src\touchscreenkeyscene.hpp">
      <Filter>Source Files\scenes\touchscreenkeyscene</Filter>
    </ClInclude>
    <ClInclude Include="..\jni\src\visualnovelscene.hpp">
      <Filter>Source Files\scenes\visualnovelscene</Filter>
    </ClInclude>
    <ClInclude Include="..\jni\src\dialogscene.hpp">
      <Filter>Source Files\scenes\visualnovelscene</Filter>
    </ClInclude>
    <ClInclude Include="..\jni\src\fadescene.hpp">
      <Filter>Source Files\scenes\effectscenes</Filter>
    </ClInclude>
    <ClInclude Include="..\jni\src\ndfscene.hpp">
      <Filter>Source Files\scenes\effectscenes</Filter>
    </ClInclude>
    <ClInclude Include="..\jni\src\scriptedscene.hpp">
      <Filter>Source Files\scenes\effectscenes</Filter>
    </ClInclude>
    <ClInclude Include="..\jni\src\imagescene.hpp">
      <Filter>Source Files\scenes\visualnovelscene</Filter>
    </ClInclude>
  </ItemGroup>
  <ItemGroup>
    <ClCompile Include="..\jni\src\inputstate.cpp">
      <Filter>Source Files</Filter>
    </ClCompile>
    <ClCompile Include="..\jni\src\main.cpp">
      <Filter>Source Files</Filter>
    </ClCompile>
    <ClCompile Include="..\jni\src\printlog.cpp">
      <Filter>Source Files</Filter>
    </ClCompile>
    <ClCompile Include="utils.cpp">
      <Filter>Source Files</Filter>
    </ClCompile>
    <ClCompile Include="..\jni\src\inputmachine.cpp">
      <Filter>Source Files</Filter>
    </ClCompile>
    <ClCompile Include="..\jni\src\touchscreenkeyscene.cpp">
      <Filter>Source Files\scenes\touchscreenkeyscene</Filter>
    </ClCompile>
    <ClCompile Include="..\jni\src\visualnovelscene.cpp">
      <Filter>Source Files\scenes\visualnovelscene</Filter>
    </ClCompile>
    <ClCompile Include="..\jni\src\dialogscene.cpp">
      <Filter>Source Files\scenes\visualnovelscene</Filter>
    </ClCompile>
    <ClCompile Include="..\jni\src\fadescene.cpp">
      <Filter>Source Files\scenes\effectscenes</Filter>
    </ClCompile>
    <ClCompile Include="..\jni\src\ndfscene.cpp">
      <Filter>Source Files\scenes\effectscenes</Filter>
    </ClCompile>
    <ClCompile Include="..\jni\src\scriptedscene.cpp">
      <Filter>Source Files\scenes\effectscenes</Filter>
    </ClCompile>
    <ClCompile Include="..\jni\src\imagescene.cpp">
      <Filter>Source Files\scenes\visualnovelscene</Filter>
    </ClCompile>
  </ItemGroup>
</Project>